{
  "version": 4,
  "terraform_version": "1.0.3",
  "serial": 1326,
  "lineage": "237d57da-788e-8ceb-a789-aed6567e2e06",
  "outputs": {},
  "resources": [
    {
      "mode": "data",
      "type": "intersight_organization_organization",
      "name": "default",
      "provider": "provider[\"registry.terraform.io/ciscodevnet/intersight\"]",
      "instances": [
        {
          "schema_version": 0,
          "attributes": {
            "account_moid": null,
            "class_id": null,
            "create_time": null,
            "description": null,
            "domain_group_moid": null,
            "id": "5ddeb24d6972652d3100cb82",
            "mod_time": null,
            "moid": null,
            "name": "default",
            "object_type": null,
            "results": [
              {
                "account": [
                  {
                    "additional_properties": "",
                    "class_id": "mo.MoRef",
                    "moid": "59af0e11f11aa10001678016",
                    "object_type": "iam.Account",
                    "selector": ""
                  }
                ],
                "account_moid": "59af0e11f11aa10001678016",
                "additional_properties": "",
                "ancestors": [],
                "class_id": "organization.Organization",
                "create_time": "2019-11-27 17:28:45.369 +0000 UTC",
                "description": "User in a Default Organization automatically has access to all the resources available for the User Account. If required, a User with Account Administrator privileges can remove resources from the default organization.",
                "domain_group_moid": "5b25418c7a7662743465cf2d",
                "mod_time": "2019-11-27 17:28:45.375 +0000 UTC",
                "moid": "5ddeb24d6972652d3100cb82",
                "name": "default",
                "object_type": "organization.Organization",
                "owners": [
                  "59af0e11f11aa10001678016"
                ],
                "parent": [],
                "permission_resources": [
                  {
                    "additional_properties": "",
                    "class_id": "mo.MoRef",
                    "moid": "5ddeb24d6972652d3100cb82",
                    "object_type": "organization.Organization",
                    "selector": ""
                  }
                ],
                "resource_groups": [
                  {
                    "additional_properties": "",
                    "class_id": "mo.MoRef",
                    "moid": "5ddeb24d6972652d3100cb70",
                    "object_type": "resource.Group",
                    "selector": ""
                  }
                ],
                "shared_scope": "",
                "tags": [],
                "version_context": []
              }
            ],
            "shared_scope": null
          },
          "sensitive_attributes": []
        }
      ]
    },
    {
      "module": "module.intersight_policy_bundle",
      "mode": "data",
      "type": "intersight_iam_end_point_role",
      "name": "admin_role",
      "provider": "provider[\"registry.terraform.io/ciscodevnet/intersight\"]",
      "instances": [
        {
          "schema_version": 0,
          "attributes": {
            "account_moid": null,
            "class_id": null,
            "create_time": null,
            "domain_group_moid": null,
            "id": "59684dcb5e468000016525c8",
            "mod_time": null,
            "moid": null,
            "name": "admin",
            "object_type": null,
            "results": [
              {
                "account": [
                  {
                    "additional_properties": "",
                    "class_id": "mo.MoRef",
                    "moid": "",
                    "object_type": "iam.Account",
                    "selector": ""
                  }
                ],
                "account_moid": "",
                "additional_properties": "",
                "ancestors": [
                  {
                    "additional_properties": "",
                    "class_id": "mo.MoRef",
                    "moid": "5960901ca94eba000127e32c",
                    "object_type": "iam.System",
                    "selector": ""
                  }
                ],
                "class_id": "iam.EndPointRole",
                "create_time": "2017-07-14 04:51:23.074 +0000 UTC",
                "domain_group_moid": "SystemDomainGroup",
                "end_point_privileges": [
                  {
                    "additional_properties": "",
                    "class_id": "mo.MoRef",
                    "moid": "59684dcb5e468000016525c5",
                    "object_type": "iam.EndPointPrivilege",
                    "selector": ""
                  }
                ],
                "mod_time": "2021-08-13 01:46:13.764 +0000 UTC",
                "moid": "59684dcb5e468000016525c8",
                "name": "admin",
                "object_type": "iam.EndPointRole",
                "owners": [
                  "system"
                ],
                "parent": [
                  {
                    "additional_properties": "",
                    "class_id": "mo.MoRef",
                    "moid": "5960901ca94eba000127e32c",
                    "object_type": "iam.System",
                    "selector": ""
                  }
                ],
                "permission_resources": [],
                "role_type": "endpoint-admin",
                "shared_scope": "",
                "system": [
                  {
                    "additional_properties": "",
                    "class_id": "mo.MoRef",
                    "moid": "5960901ca94eba000127e32c",
                    "object_type": "iam.System",
                    "selector": ""
                  }
                ],
                "tags": [],
                "type": "IMC",
                "version_context": []
              }
            ],
            "role_type": null,
            "shared_scope": null,
            "type": "IMC"
          },
          "sensitive_attributes": []
        }
      ]
    },
    {
      "module": "module.intersight_policy_bundle",
      "mode": "data",
      "type": "intersight_iam_end_point_role",
      "name": "imc_admin",
      "provider": "provider[\"registry.terraform.io/ciscodevnet/intersight\"]",
      "instances": [
        {
          "schema_version": 0,
          "attributes": {
            "account_moid": null,
            "class_id": null,
            "create_time": null,
            "domain_group_moid": null,
            "id": "59684dcb5e468000016525c8",
            "mod_time": null,
            "moid": null,
            "name": "admin",
            "object_type": null,
            "results": [
              {
                "account": [
                  {
                    "additional_properties": "",
                    "class_id": "mo.MoRef",
                    "moid": "",
                    "object_type": "iam.Account",
                    "selector": ""
                  }
                ],
                "account_moid": "",
                "additional_properties": "",
                "ancestors": [
                  {
                    "additional_properties": "",
                    "class_id": "mo.MoRef",
                    "moid": "5960901ca94eba000127e32c",
                    "object_type": "iam.System",
                    "selector": ""
                  }
                ],
                "class_id": "iam.EndPointRole",
                "create_time": "2017-07-14 04:51:23.074 +0000 UTC",
                "domain_group_moid": "SystemDomainGroup",
                "end_point_privileges": [
                  {
                    "additional_properties": "",
                    "class_id": "mo.MoRef",
                    "moid": "59684dcb5e468000016525c5",
                    "object_type": "iam.EndPointPrivilege",
                    "selector": ""
                  }
                ],
                "mod_time": "2021-08-13 01:46:13.764 +0000 UTC",
                "moid": "59684dcb5e468000016525c8",
                "name": "admin",
                "object_type": "iam.EndPointRole",
                "owners": [
                  "system"
                ],
                "parent": [
                  {
                    "additional_properties": "",
                    "class_id": "mo.MoRef",
                    "moid": "5960901ca94eba000127e32c",
                    "object_type": "iam.System",
                    "selector": ""
                  }
                ],
                "permission_resources": [],
                "role_type": "endpoint-admin",
                "shared_scope": "",
                "system": [
                  {
                    "additional_properties": "",
                    "class_id": "mo.MoRef",
                    "moid": "5960901ca94eba000127e32c",
                    "object_type": "iam.System",
                    "selector": ""
                  }
                ],
                "tags": [],
                "type": "IMC",
                "version_context": []
              }
            ],
            "role_type": "endpoint-admin",
            "shared_scope": null,
            "type": "IMC"
          },
          "sensitive_attributes": []
        }
      ]
    },
    {
      "module": "module.intersight_policy_bundle",
      "mode": "data",
      "type": "intersight_iam_end_point_role",
      "name": "imc_readonly",
      "provider": "provider[\"registry.terraform.io/ciscodevnet/intersight\"]",
      "instances": [
        {
          "schema_version": 0,
          "attributes": {
            "account_moid": null,
            "class_id": null,
            "create_time": null,
            "domain_group_moid": null,
            "id": "59684dcb5e468000016525c9",
            "mod_time": null,
            "moid": null,
            "name": "readonly",
            "object_type": null,
            "results": [
              {
                "account": [
                  {
                    "additional_properties": "",
                    "class_id": "mo.MoRef",
                    "moid": "",
                    "object_type": "iam.Account",
                    "selector": ""
                  }
                ],
                "account_moid": "",
                "additional_properties": "",
                "ancestors": [
                  {
                    "additional_properties": "",
                    "class_id": "mo.MoRef",
                    "moid": "5960901ca94eba000127e32c",
                    "object_type": "iam.System",
                    "selector": ""
                  }
                ],
                "class_id": "iam.EndPointRole",
                "create_time": "2017-07-14 04:51:23.081 +0000 UTC",
                "domain_group_moid": "SystemDomainGroup",
                "end_point_privileges": [
                  {
                    "additional_properties": "",
                    "class_id": "mo.MoRef",
                    "moid": "59684dcb5e468000016525c6",
                    "object_type": "iam.EndPointPrivilege",
                    "selector": ""
                  }
                ],
                "mod_time": "2021-08-13 01:46:13.768 +0000 UTC",
                "moid": "59684dcb5e468000016525c9",
                "name": "readonly",
                "object_type": "iam.EndPointRole",
                "owners": [
                  "system"
                ],
                "parent": [
                  {
                    "additional_properties": "",
                    "class_id": "mo.MoRef",
                    "moid": "5960901ca94eba000127e32c",
                    "object_type": "iam.System",
                    "selector": ""
                  }
                ],
                "permission_resources": [],
                "role_type": "endpoint-readonly",
                "shared_scope": "",
                "system": [
                  {
                    "additional_properties": "",
                    "class_id": "mo.MoRef",
                    "moid": "5960901ca94eba000127e32c",
                    "object_type": "iam.System",
                    "selector": ""
                  }
                ],
                "tags": [],
                "type": "IMC",
                "version_context": []
              }
            ],
            "role_type": "endpoint-readonly",
            "shared_scope": null,
            "type": "IMC"
          },
          "sensitive_attributes": []
        }
      ]
    },
    {
      "module": "module.intersight_policy_bundle",
      "mode": "data",
      "type": "intersight_iam_end_point_role",
      "name": "imc_user",
      "provider": "provider[\"registry.terraform.io/ciscodevnet/intersight\"]",
      "instances": [
        {
          "schema_version": 0,
          "attributes": {
            "account_moid": null,
            "class_id": null,
            "create_time": null,
            "domain_group_moid": null,
            "id": "59684dcb5e468000016525ca",
            "mod_time": null,
            "moid": null,
            "name": "user",
            "object_type": null,
            "results": [
              {
                "account": [
                  {
                    "additional_properties": "",
                    "class_id": "mo.MoRef",
                    "moid": "",
                    "object_type": "iam.Account",
                    "selector": ""
                  }
                ],
                "account_moid": "",
                "additional_properties": "",
                "ancestors": [
                  {
                    "additional_properties": "",
                    "class_id": "mo.MoRef",
                    "moid": "5960901ca94eba000127e32c",
                    "object_type": "iam.System",
                    "selector": ""
                  }
                ],
                "class_id": "iam.EndPointRole",
                "create_time": "2017-07-14 04:51:23.12 +0000 UTC",
                "domain_group_moid": "SystemDomainGroup",
                "end_point_privileges": [
                  {
                    "additional_properties": "",
                    "class_id": "mo.MoRef",
                    "moid": "59684dcb5e468000016525c7",
                    "object_type": "iam.EndPointPrivilege",
                    "selector": ""
                  }
                ],
                "mod_time": "2021-08-13 01:46:13.772 +0000 UTC",
                "moid": "59684dcb5e468000016525ca",
                "name": "user",
                "object_type": "iam.EndPointRole",
                "owners": [
                  "system"
                ],
                "parent": [
                  {
                    "additional_properties": "",
                    "class_id": "mo.MoRef",
                    "moid": "5960901ca94eba000127e32c",
                    "object_type": "iam.System",
                    "selector": ""
                  }
                ],
                "permission_resources": [],
                "role_type": "",
                "shared_scope": "",
                "system": [
                  {
                    "additional_properties": "",
                    "class_id": "mo.MoRef",
                    "moid": "5960901ca94eba000127e32c",
                    "object_type": "iam.System",
                    "selector": ""
                  }
                ],
                "tags": [],
                "type": "IMC",
                "version_context": []
              }
            ],
            "role_type": null,
            "shared_scope": null,
            "type": "IMC"
          },
          "sensitive_attributes": []
        }
      ]
    },
    {
      "module": "module.intersight_policy_bundle",
      "mode": "managed",
      "type": "intersight_access_policy",
      "name": "access1",
      "provider": "provider[\"registry.terraform.io/ciscodevnet/intersight\"]",
      "instances": [
        {
          "schema_version": 0,
          "attributes": {
            "account_moid": "59af0e11f11aa10001678016",
            "additional_properties": "{\"AccountMoid\":\"59af0e11f11aa10001678016\",\"Ancestors\":[],\"CreateTime\":\"2021-08-23T16:39:28.549Z\",\"DomainGroupMoid\":\"5b25418c7a7662743465cf2d\",\"ModTime\":\"2021-08-23T16:39:28.549Z\",\"Moid\":\"6123cf3f6275722d3063d3cd\",\"Owners\":[\"59af0e11f11aa10001678016\"],\"PermissionResources\":[{\"ClassId\":\"mo.MoRef\",\"Moid\":\"5ddeb24d6972652d3100cb82\",\"ObjectType\":\"organization.Organization\",\"link\":\"https://www.intersight.com/api/v1/organization/Organizations/5ddeb24d6972652d3100cb82\"}],\"SharedScope\":\"\",\"Tags\":[{\"Key\":\"location\",\"Value\":\"Backup-DC\"},{\"Key\":\"orchestrator\",\"Value\":\"terraform\"}]}",
            "address_type": [
              {
                "additional_properties": "",
                "class_id": "access.AddressType",
                "enable_ip_v4": true,
                "enable_ip_v6": false,
                "object_type": "access.AddressType"
              }
            ],
            "ancestors": [],
            "class_id": "access.Policy",
            "create_time": "2021-08-23 16:39:28.549 +0000 UTC",
            "description": "Created by Terraform",
            "domain_group_moid": "5b25418c7a7662743465cf2d",
            "id": "6123cf3f6275722d3063d3cd",
            "inband_ip_pool": [
              {
                "additional_properties": "",
                "class_id": "mo.MoRef",
                "moid": "60c3d28c6962752d30d3b964",
                "object_type": "ippool.Pool",
                "selector": ""
              }
            ],
            "inband_vlan": 1020,
            "inband_vrf": [],
            "mod_time": "2021-08-23 16:39:28.549 +0000 UTC",
            "moid": "6123cf3f6275722d3063d3cd",
            "name": "pdc-imc-access",
            "object_type": "access.Policy",
            "organization": [
              {
                "additional_properties": "",
                "class_id": "mo.MoRef",
                "moid": "5ddeb24d6972652d3100cb82",
                "object_type": "organization.Organization",
                "selector": ""
              }
            ],
            "owners": [
              "59af0e11f11aa10001678016"
            ],
            "parent": [],
            "permission_resources": [
              {
                "additional_properties": "",
                "class_id": "mo.MoRef",
                "moid": "5ddeb24d6972652d3100cb82",
                "object_type": "organization.Organization",
                "selector": ""
              }
            ],
            "profiles": [],
            "shared_scope": "",
            "tags": [
              {
                "additional_properties": "",
                "key": "location",
                "value": "Backup-DC"
              },
              {
                "additional_properties": "",
                "key": "orchestrator",
                "value": "terraform"
              }
            ],
            "version_context": []
          },
          "sensitive_attributes": [],
          "private": "bnVsbA==",
          "dependencies": [
            "data.intersight_organization_organization.default"
          ]
        }
      ]
    },
    {
      "module": "module.intersight_policy_bundle",
      "mode": "managed",
      "type": "intersight_boot_precision_policy",
      "name": "boot_precision1",
      "provider": "provider[\"registry.terraform.io/ciscodevnet/intersight\"]",
      "instances": [
        {
          "schema_version": 0,
          "attributes": {
            "account_moid": "59af0e11f11aa10001678016",
            "additional_properties": "{\"AccountMoid\":\"59af0e11f11aa10001678016\",\"Ancestors\":[],\"CreateTime\":\"2021-08-23T16:39:28.881Z\",\"DomainGroupMoid\":\"5b25418c7a7662743465cf2d\",\"ModTime\":\"2021-08-23T16:39:28.881Z\",\"Moid\":\"6123cf406275722d3063d3fd\",\"Owners\":[\"59af0e11f11aa10001678016\"],\"PermissionResources\":[{\"ClassId\":\"mo.MoRef\",\"Moid\":\"5ddeb24d6972652d3100cb82\",\"ObjectType\":\"organization.Organization\",\"link\":\"https://www.intersight.com/api/v1/organization/Organizations/5ddeb24d6972652d3100cb82\"}],\"SharedScope\":\"\",\"Tags\":[{\"Key\":\"location\",\"Value\":\"Backup-DC\"},{\"Key\":\"orchestrator\",\"Value\":\"terraform\"}]}",
            "ancestors": [],
            "boot_devices": [
              {
                "additional_properties": "{\"Subtype\":\"kvm-mapped-dvd\"}",
                "class_id": "boot.VirtualMedia",
                "enabled": true,
                "name": "KVM_DVD",
                "object_type": "boot.VirtualMedia"
              },
              {
                "additional_properties": "{\"Subtype\":\"cimc-mapped-dvd\"}",
                "class_id": "boot.VirtualMedia",
                "enabled": true,
                "name": "IMC_DVD",
                "object_type": "boot.VirtualMedia"
              },
              {
                "additional_properties": "{\"Bootloader\":{\"ClassId\":\"boot.Bootloader\",\"Description\":\"\",\"Name\":\"\",\"ObjectType\":\"boot.Bootloader\",\"Path\":\"\"},\"Slot\":\"\"}",
                "class_id": "boot.LocalDisk",
                "enabled": true,
                "name": "LocalDisk",
                "object_type": "boot.LocalDisk"
              }
            ],
            "class_id": "boot.PrecisionPolicy",
            "configured_boot_mode": "Uefi",
            "create_time": "2021-08-23 16:39:28.881 +0000 UTC",
            "description": "Created by Terraform",
            "domain_group_moid": "5b25418c7a7662743465cf2d",
            "enforce_uefi_secure_boot": false,
            "id": "6123cf406275722d3063d3fd",
            "mod_time": "2021-08-23 16:39:28.881 +0000 UTC",
            "moid": "6123cf406275722d3063d3fd",
            "name": "pdc-boot-order",
            "object_type": "boot.PrecisionPolicy",
            "organization": [
              {
                "additional_properties": "",
                "class_id": "mo.MoRef",
                "moid": "5ddeb24d6972652d3100cb82",
                "object_type": "organization.Organization",
                "selector": ""
              }
            ],
            "owners": [
              "59af0e11f11aa10001678016"
            ],
            "parent": [],
            "permission_resources": [
              {
                "additional_properties": "",
                "class_id": "mo.MoRef",
                "moid": "5ddeb24d6972652d3100cb82",
                "object_type": "organization.Organization",
                "selector": ""
              }
            ],
            "profiles": [],
            "shared_scope": "",
            "tags": [
              {
                "additional_properties": "",
                "key": "location",
                "value": "Backup-DC"
              },
              {
                "additional_properties": "",
                "key": "orchestrator",
                "value": "terraform"
              }
            ],
            "version_context": []
          },
          "sensitive_attributes": [],
          "private": "bnVsbA==",
          "dependencies": [
            "data.intersight_organization_organization.default"
          ]
        }
      ]
    },
    {
      "module": "module.intersight_policy_bundle",
      "mode": "managed",
      "type": "intersight_deviceconnector_policy",
      "name": "dc1",
      "provider": "provider[\"registry.terraform.io/ciscodevnet/intersight\"]",
      "instances": [
        {
          "schema_version": 0,
          "attributes": {
            "account_moid": "59af0e11f11aa10001678016",
            "additional_properties": "{\"AccountMoid\":\"59af0e11f11aa10001678016\",\"Ancestors\":[],\"CreateTime\":\"2021-08-23T16:39:26.855Z\",\"DomainGroupMoid\":\"5b25418c7a7662743465cf2d\",\"ModTime\":\"2021-08-23T16:39:26.856Z\",\"Moid\":\"6123cf3e6275722d3063d361\",\"Owners\":[\"59af0e11f11aa10001678016\"],\"PermissionResources\":[{\"ClassId\":\"mo.MoRef\",\"Moid\":\"5ddeb24d6972652d3100cb82\",\"ObjectType\":\"organization.Organization\",\"link\":\"https://www.intersight.com/api/v1/organization/Organizations/5ddeb24d6972652d3100cb82\"}],\"SharedScope\":\"\",\"Tags\":[{\"Key\":\"location\",\"Value\":\"Backup-DC\"},{\"Key\":\"orchestrator\",\"Value\":\"terraform\"}]}",
            "ancestors": [],
            "class_id": "deviceconnector.Policy",
            "create_time": "2021-08-23 16:39:26.855 +0000 UTC",
            "description": "Created by Terraform",
            "domain_group_moid": "5b25418c7a7662743465cf2d",
            "id": "6123cf3e6275722d3063d361",
            "lockout_enabled": true,
            "mod_time": "2021-08-23 16:39:26.856 +0000 UTC",
            "moid": "6123cf3e6275722d3063d361",
            "name": "pdc-device-connector",
            "object_type": "deviceconnector.Policy",
            "organization": [
              {
                "additional_properties": "",
                "class_id": "mo.MoRef",
                "moid": "5ddeb24d6972652d3100cb82",
                "object_type": "organization.Organization",
                "selector": ""
              }
            ],
            "owners": [
              "59af0e11f11aa10001678016"
            ],
            "parent": [],
            "permission_resources": [
              {
                "additional_properties": "",
                "class_id": "mo.MoRef",
                "moid": "5ddeb24d6972652d3100cb82",
                "object_type": "organization.Organization",
                "selector": ""
              }
            ],
            "profiles": [],
            "shared_scope": "",
            "tags": [
              {
                "additional_properties": "",
                "key": "location",
                "value": "Backup-DC"
              },
              {
                "additional_properties": "",
                "key": "orchestrator",
                "value": "terraform"
              }
            ],
            "version_context": []
          },
          "sensitive_attributes": [],
          "private": "bnVsbA==",
          "dependencies": [
            "data.intersight_organization_organization.default"
          ]
        }
      ]
    },
    {
      "module": "module.intersight_policy_bundle",
      "mode": "managed",
      "type": "intersight_fabric_eth_network_control_policy",
      "name": "fabric_eth_network_control_policy1",
      "provider": "provider[\"registry.terraform.io/ciscodevnet/intersight\"]",
      "instances": [
        {
          "schema_version": 0,
          "attributes": {
            "account_moid": "59af0e11f11aa10001678016",
            "additional_properties": "{\"AccountMoid\":\"59af0e11f11aa10001678016\",\"Ancestors\":[],\"CreateTime\":\"2021-08-23T16:39:27.475Z\",\"DomainGroupMoid\":\"5b25418c7a7662743465cf2d\",\"ModTime\":\"2021-08-23T16:39:27.476Z\",\"Moid\":\"6123cf3f6f62692d326cfdc0\",\"Owners\":[\"59af0e11f11aa10001678016\"],\"PermissionResources\":[{\"ClassId\":\"mo.MoRef\",\"Moid\":\"5ddeb24d6972652d3100cb82\",\"ObjectType\":\"organization.Organization\",\"link\":\"https://www.intersight.com/api/v1/organization/Organizations/5ddeb24d6972652d3100cb82\"}],\"SharedScope\":\"\",\"Tags\":[{\"Key\":\"location\",\"Value\":\"Backup-DC\"},{\"Key\":\"orchestrator\",\"Value\":\"terraform\"}]}",
            "ancestors": [],
            "cdp_enabled": true,
            "class_id": "fabric.EthNetworkControlPolicy",
            "create_time": "2021-08-23 16:39:27.475 +0000 UTC",
            "description": "Created by Terraform",
            "domain_group_moid": "5b25418c7a7662743465cf2d",
            "forge_mac": "allow",
            "id": "6123cf3f6f62692d326cfdc0",
            "lldp_settings": [
              {
                "additional_properties": "",
                "class_id": "fabric.LldpSettings",
                "object_type": "fabric.LldpSettings",
                "receive_enabled": false,
                "transmit_enabled": false
              }
            ],
            "mac_registration_mode": "allVlans",
            "mod_time": "2021-08-23 16:39:27.476 +0000 UTC",
            "moid": "6123cf3f6f62692d326cfdc0",
            "name": "pdc-eth-network-control",
            "network_policy": [],
            "object_type": "fabric.EthNetworkControlPolicy",
            "organization": [
              {
                "additional_properties": "",
                "class_id": "mo.MoRef",
                "moid": "5ddeb24d6972652d3100cb82",
                "object_type": "organization.Organization",
                "selector": ""
              }
            ],
            "owners": [
              "59af0e11f11aa10001678016"
            ],
            "parent": [],
            "permission_resources": [
              {
                "additional_properties": "",
                "class_id": "mo.MoRef",
                "moid": "5ddeb24d6972652d3100cb82",
                "object_type": "organization.Organization",
                "selector": ""
              }
            ],
            "shared_scope": "",
            "tags": [
              {
                "additional_properties": "",
                "key": "location",
                "value": "Backup-DC"
              },
              {
                "additional_properties": "",
                "key": "orchestrator",
                "value": "terraform"
              }
            ],
            "uplink_fail_action": "linkDown",
            "version_context": []
          },
          "sensitive_attributes": [],
          "private": "bnVsbA==",
          "dependencies": [
            "data.intersight_organization_organization.default"
          ]
        }
      ]
    },
    {
      "module": "module.intersight_policy_bundle",
      "mode": "managed",
      "type": "intersight_fabric_eth_network_group_policy",
      "name": "fabric_eth_network_group_policy1",
      "provider": "provider[\"registry.terraform.io/ciscodevnet/intersight\"]",
      "instances": [
        {
          "schema_version": 0,
          "attributes": {
            "account_moid": "59af0e11f11aa10001678016",
            "additional_properties": "{\"AccountMoid\":\"59af0e11f11aa10001678016\",\"Ancestors\":[],\"CreateTime\":\"2021-08-23T16:39:26.844Z\",\"DomainGroupMoid\":\"5b25418c7a7662743465cf2d\",\"ModTime\":\"2021-08-23T16:39:26.845Z\",\"Moid\":\"6123cf3e6f62692d326cfd9e\",\"Owners\":[\"59af0e11f11aa10001678016\"],\"PermissionResources\":[{\"ClassId\":\"mo.MoRef\",\"Moid\":\"5ddeb24d6972652d3100cb82\",\"ObjectType\":\"organization.Organization\",\"link\":\"https://www.intersight.com/api/v1/organization/Organizations/5ddeb24d6972652d3100cb82\"}],\"SharedScope\":\"\",\"Tags\":[{\"Key\":\"location\",\"Value\":\"Backup-DC\"},{\"Key\":\"orchestrator\",\"Value\":\"terraform\"}]}",
            "ancestors": [],
            "class_id": "fabric.EthNetworkGroupPolicy",
            "create_time": "2021-08-23 16:39:26.844 +0000 UTC",
            "description": "Created by Terraform",
            "domain_group_moid": "5b25418c7a7662743465cf2d",
            "id": "6123cf3e6f62692d326cfd9e",
            "mod_time": "2021-08-23 16:39:26.845 +0000 UTC",
            "moid": "6123cf3e6f62692d326cfd9e",
            "name": "pdc-eth-network-group",
            "object_type": "fabric.EthNetworkGroupPolicy",
            "organization": [
              {
                "additional_properties": "",
                "class_id": "mo.MoRef",
                "moid": "5ddeb24d6972652d3100cb82",
                "object_type": "organization.Organization",
                "selector": ""
              }
            ],
            "owners": [
              "59af0e11f11aa10001678016"
            ],
            "parent": [],
            "permission_resources": [
              {
                "additional_properties": "",
                "class_id": "mo.MoRef",
                "moid": "5ddeb24d6972652d3100cb82",
                "object_type": "organization.Organization",
                "selector": ""
              }
            ],
            "shared_scope": "",
            "tags": [
              {
                "additional_properties": "",
                "key": "location",
                "value": "Backup-DC"
              },
              {
                "additional_properties": "",
                "key": "orchestrator",
                "value": "terraform"
              }
            ],
            "version_context": [],
            "vlan_settings": [
              {
                "additional_properties": "",
                "allowed_vlans": "1020,1021",
                "class_id": "fabric.VlanSettings",
                "native_vlan": 1,
                "object_type": "fabric.VlanSettings"
              }
            ]
          },
          "sensitive_attributes": [],
          "private": "bnVsbA==",
          "dependencies": [
            "data.intersight_organization_organization.default"
          ]
        }
      ]
    },
    {
      "module": "module.intersight_policy_bundle",
      "mode": "managed",
      "type": "intersight_fabric_eth_network_policy",
      "name": "fabric_eth_network_policy1",
      "provider": "provider[\"registry.terraform.io/ciscodevnet/intersight\"]",
      "instances": [
        {
          "schema_version": 0,
          "attributes": {
            "account_moid": "59af0e11f11aa10001678016",
            "additional_properties": "{\"AccountMoid\":\"59af0e11f11aa10001678016\",\"Ancestors\":[],\"CreateTime\":\"2021-08-23T16:39:30.497Z\",\"DomainGroupMoid\":\"5b25418c7a7662743465cf2d\",\"ModTime\":\"2021-08-23T16:39:30.498Z\",\"Moid\":\"6123cf426f62692d326cfe2b\",\"Owners\":[\"59af0e11f11aa10001678016\"],\"PermissionResources\":[{\"ClassId\":\"mo.MoRef\",\"Moid\":\"5ddeb24d6972652d3100cb82\",\"ObjectType\":\"organization.Organization\",\"link\":\"https://www.intersight.com/api/v1/organization/Organizations/5ddeb24d6972652d3100cb82\"}],\"SharedScope\":\"\",\"Tags\":[{\"Key\":\"location\",\"Value\":\"Backup-DC\"},{\"Key\":\"orchestrator\",\"Value\":\"terraform\"}]}",
            "ancestors": [],
            "class_id": "fabric.EthNetworkPolicy",
            "create_time": "2021-08-23 16:39:30.497 +0000 UTC",
            "description": "Created by Terraform",
            "domain_group_moid": "5b25418c7a7662743465cf2d",
            "id": "6123cf426f62692d326cfe2b",
            "mod_time": "2021-08-23 16:39:30.498 +0000 UTC",
            "moid": "6123cf426f62692d326cfe2b",
            "name": "pdc-vlan-policy",
            "object_type": "fabric.EthNetworkPolicy",
            "organization": [
              {
                "additional_properties": "",
                "class_id": "mo.MoRef",
                "moid": "5ddeb24d6972652d3100cb82",
                "object_type": "organization.Organization",
                "selector": ""
              }
            ],
            "owners": [
              "59af0e11f11aa10001678016"
            ],
            "parent": [],
            "permission_resources": [
              {
                "additional_properties": "",
                "class_id": "mo.MoRef",
                "moid": "5ddeb24d6972652d3100cb82",
                "object_type": "organization.Organization",
                "selector": ""
              }
            ],
            "profiles": [
              {
                "additional_properties": "",
                "class_id": "mo.MoRef",
                "moid": "6123cf40656e6f2d30d82a01",
                "object_type": "fabric.SwitchProfile",
                "selector": ""
              },
              {
                "additional_properties": "",
                "class_id": "mo.MoRef",
                "moid": "6123cf41656e6f2d30d82a07",
                "object_type": "fabric.SwitchProfile",
                "selector": ""
              }
            ],
            "shared_scope": "",
            "tags": [
              {
                "additional_properties": "",
                "key": "location",
                "value": "Backup-DC"
              },
              {
                "additional_properties": "",
                "key": "orchestrator",
                "value": "terraform"
              }
            ],
            "version_context": []
          },
          "sensitive_attributes": [],
          "private": "bnVsbA==",
          "dependencies": [
            "data.intersight_organization_organization.default",
            "module.intersight_policy_bundle.intersight_fabric_switch_cluster_profile.fabric_switch_cluster_profile1",
            "module.intersight_policy_bundle.intersight_fabric_switch_profile.fabric_switch_profile_a",
            "module.intersight_policy_bundle.intersight_fabric_switch_profile.fabric_switch_profile_b"
          ]
        }
      ]
    },
    {
      "module": "module.intersight_policy_bundle",
      "mode": "managed",
      "type": "intersight_fabric_multicast_policy",
      "name": "fabric_multicast_policy1",
      "provider": "provider[\"registry.terraform.io/ciscodevnet/intersight\"]",
      "instances": [
        {
          "schema_version": 0,
          "attributes": {
            "account_moid": "59af0e11f11aa10001678016",
            "additional_properties": "{\"AccountMoid\":\"59af0e11f11aa10001678016\",\"Ancestors\":[],\"CreateTime\":\"2021-08-23T16:39:27.813Z\",\"DomainGroupMoid\":\"5b25418c7a7662743465cf2d\",\"ModTime\":\"2021-08-23T16:39:27.813Z\",\"Moid\":\"6123cf3f6f62692d326cfdd0\",\"Owners\":[\"59af0e11f11aa10001678016\"],\"PermissionResources\":[{\"ClassId\":\"mo.MoRef\",\"Moid\":\"5ddeb24d6972652d3100cb82\",\"ObjectType\":\"organization.Organization\",\"link\":\"https://www.intersight.com/api/v1/organization/Organizations/5ddeb24d6972652d3100cb82\"}],\"SharedScope\":\"\",\"Tags\":[{\"Key\":\"location\",\"Value\":\"Backup-DC\"},{\"Key\":\"orchestrator\",\"Value\":\"terraform\"}]}",
            "ancestors": [],
            "class_id": "fabric.MulticastPolicy",
            "create_time": "2021-08-23 16:39:27.813 +0000 UTC",
            "description": "Created by Terraform",
            "domain_group_moid": "5b25418c7a7662743465cf2d",
            "id": "6123cf3f6f62692d326cfdd0",
            "mod_time": "2021-08-23 16:39:27.813 +0000 UTC",
            "moid": "6123cf3f6f62692d326cfdd0",
            "name": "pdc-multicast",
            "object_type": "fabric.MulticastPolicy",
            "organization": [
              {
                "additional_properties": "",
                "class_id": "mo.MoRef",
                "moid": "5ddeb24d6972652d3100cb82",
                "object_type": "organization.Organization",
                "selector": ""
              }
            ],
            "owners": [
              "59af0e11f11aa10001678016"
            ],
            "parent": [],
            "permission_resources": [
              {
                "additional_properties": "",
                "class_id": "mo.MoRef",
                "moid": "5ddeb24d6972652d3100cb82",
                "object_type": "organization.Organization",
                "selector": ""
              }
            ],
            "querier_ip_address": "",
            "querier_ip_address_peer": "",
            "querier_state": "Disabled",
            "shared_scope": "",
            "snooping_state": "Enabled",
            "tags": [
              {
                "additional_properties": "",
                "key": "location",
                "value": "Backup-DC"
              },
              {
                "additional_properties": "",
                "key": "orchestrator",
                "value": "terraform"
              }
            ],
            "version_context": []
          },
          "sensitive_attributes": [],
          "private": "bnVsbA==",
          "dependencies": [
            "data.intersight_organization_organization.default"
          ]
        }
      ]
    },
    {
      "module": "module.intersight_policy_bundle",
      "mode": "managed",
      "type": "intersight_fabric_port_mode",
      "name": "fabric_port_mode1",
      "provider": "provider[\"registry.terraform.io/ciscodevnet/intersight\"]",
      "instances": [
        {
          "index_key": 0,
          "schema_version": 0,
          "attributes": {
            "account_moid": "59af0e11f11aa10001678016",
            "additional_properties": "",
            "ancestors": [
              {
                "additional_properties": "",
                "class_id": "mo.MoRef",
                "moid": "6123cf426f62692d326cfe5a",
                "object_type": "fabric.PortPolicy",
                "selector": ""
              }
            ],
            "class_id": "fabric.PortMode",
            "create_time": "2021-08-23 16:39:31.981 +0000 UTC",
            "custom_mode": "FibreChannel",
            "domain_group_moid": "5b25418c7a7662743465cf2d",
            "id": "6123cf436f62692d326cfe86",
            "mod_time": "2021-08-23 16:39:31.982 +0000 UTC",
            "moid": "6123cf436f62692d326cfe86",
            "object_type": "fabric.PortMode",
            "owners": [
              "59af0e11f11aa10001678016"
            ],
            "parent": [
              {
                "additional_properties": "",
                "class_id": "mo.MoRef",
                "moid": "6123cf426f62692d326cfe5a",
                "object_type": "fabric.PortPolicy",
                "selector": ""
              }
            ],
            "permission_resources": [
              {
                "additional_properties": "",
                "class_id": "mo.MoRef",
                "moid": "5ddeb24d6972652d3100cb82",
                "object_type": "organization.Organization",
                "selector": ""
              }
            ],
            "port_id_end": 4,
            "port_id_start": 1,
            "port_policy": [
              {
                "additional_properties": "",
                "class_id": "mo.MoRef",
                "moid": "6123cf426f62692d326cfe5a",
                "object_type": "fabric.PortPolicy",
                "selector": ""
              }
            ],
            "shared_scope": "",
            "slot_id": 1,
            "tags": [
              {
                "additional_properties": "",
                "key": "location",
                "value": "Backup-DC"
              },
              {
                "additional_properties": "",
                "key": "orchestrator",
                "value": "terraform"
              }
            ],
            "version_context": []
          },
          "sensitive_attributes": [],
          "private": "bnVsbA==",
          "dependencies": [
            "data.intersight_organization_organization.default",
            "module.intersight_policy_bundle.intersight_fabric_port_policy.fabric_port_policy1",
            "module.intersight_policy_bundle.intersight_fabric_switch_cluster_profile.fabric_switch_cluster_profile1",
            "module.intersight_policy_bundle.intersight_fabric_switch_profile.fabric_switch_profile_a",
            "module.intersight_policy_bundle.intersight_fabric_switch_profile.fabric_switch_profile_b"
          ]
        }
      ]
    },
    {
      "module": "module.intersight_policy_bundle",
      "mode": "managed",
      "type": "intersight_fabric_port_policy",
      "name": "fabric_port_policy1",
      "provider": "provider[\"registry.terraform.io/ciscodevnet/intersight\"]",
      "instances": [
        {
          "schema_version": 0,
          "attributes": {
            "account_moid": "59af0e11f11aa10001678016",
            "additional_properties": "{\"AccountMoid\":\"59af0e11f11aa10001678016\",\"Ancestors\":[],\"CreateTime\":\"2021-08-23T16:39:31.351Z\",\"DomainGroupMoid\":\"5b25418c7a7662743465cf2d\",\"ModTime\":\"2021-08-23T16:39:31.351Z\",\"Moid\":\"6123cf426f62692d326cfe5a\",\"Owners\":[\"59af0e11f11aa10001678016\"],\"PermissionResources\":[{\"ClassId\":\"mo.MoRef\",\"Moid\":\"5ddeb24d6972652d3100cb82\",\"ObjectType\":\"organization.Organization\",\"link\":\"https://www.intersight.com/api/v1/organization/Organizations/5ddeb24d6972652d3100cb82\"}],\"SharedScope\":\"\",\"Tags\":[{\"Key\":\"location\",\"Value\":\"Backup-DC\"},{\"Key\":\"orchestrator\",\"Value\":\"terraform\"}]}",
            "ancestors": [],
            "class_id": "fabric.PortPolicy",
            "create_time": "2021-08-23 16:39:31.351 +0000 UTC",
            "description": "Created by Terraform",
            "device_model": "UCS-FI-6454",
            "domain_group_moid": "5b25418c7a7662743465cf2d",
            "id": "6123cf426f62692d326cfe5a",
            "mod_time": "2021-08-23 16:39:31.351 +0000 UTC",
            "moid": "6123cf426f62692d326cfe5a",
            "name": "pdc-6454-port",
            "object_type": "fabric.PortPolicy",
            "organization": [
              {
                "additional_properties": "",
                "class_id": "mo.MoRef",
                "moid": "5ddeb24d6972652d3100cb82",
                "object_type": "organization.Organization",
                "selector": ""
              }
            ],
            "owners": [
              "59af0e11f11aa10001678016"
            ],
            "parent": [],
            "permission_resources": [
              {
                "additional_properties": "",
                "class_id": "mo.MoRef",
                "moid": "5ddeb24d6972652d3100cb82",
                "object_type": "organization.Organization",
                "selector": ""
              }
            ],
            "profiles": [
              {
                "additional_properties": "",
                "class_id": "mo.MoRef",
                "moid": "6123cf40656e6f2d30d82a01",
                "object_type": "fabric.SwitchProfile",
                "selector": ""
              },
              {
                "additional_properties": "",
                "class_id": "mo.MoRef",
                "moid": "6123cf41656e6f2d30d82a07",
                "object_type": "fabric.SwitchProfile",
                "selector": ""
              }
            ],
            "shared_scope": "",
            "tags": [
              {
                "additional_properties": "",
                "key": "location",
                "value": "Backup-DC"
              },
              {
                "additional_properties": "",
                "key": "orchestrator",
                "value": "terraform"
              }
            ],
            "version_context": []
          },
          "sensitive_attributes": [],
          "private": "bnVsbA==",
          "dependencies": [
            "data.intersight_organization_organization.default",
            "module.intersight_policy_bundle.intersight_fabric_switch_cluster_profile.fabric_switch_cluster_profile1",
            "module.intersight_policy_bundle.intersight_fabric_switch_profile.fabric_switch_profile_a",
            "module.intersight_policy_bundle.intersight_fabric_switch_profile.fabric_switch_profile_b"
          ]
        }
      ]
    },
    {
      "module": "module.intersight_policy_bundle",
      "mode": "managed",
      "type": "intersight_fabric_server_role",
      "name": "fabric_server_role1",
      "provider": "provider[\"registry.terraform.io/ciscodevnet/intersight\"]",
      "instances": [
        {
          "index_key": "17",
          "schema_version": 0,
          "attributes": {
            "account_moid": "59af0e11f11aa10001678016",
            "additional_properties": "{\"AccountMoid\":\"59af0e11f11aa10001678016\",\"Ancestors\":[{\"ClassId\":\"mo.MoRef\",\"Moid\":\"6123cf426f62692d326cfe5a\",\"ObjectType\":\"fabric.PortPolicy\",\"link\":\"https://www.intersight.com/api/v1/fabric/PortPolicies/6123cf426f62692d326cfe5a\"}],\"CreateTime\":\"2021-08-23T16:39:32.293Z\",\"DomainGroupMoid\":\"5b25418c7a7662743465cf2d\",\"ModTime\":\"2021-08-23T16:39:32.293Z\",\"Moid\":\"6123cf446f62692d326cfe96\",\"Owners\":[\"59af0e11f11aa10001678016\"],\"Parent\":{\"ClassId\":\"mo.MoRef\",\"Moid\":\"6123cf426f62692d326cfe5a\",\"ObjectType\":\"fabric.PortPolicy\",\"link\":\"https://www.intersight.com/api/v1/fabric/PortPolicies/6123cf426f62692d326cfe5a\"},\"PermissionResources\":[{\"ClassId\":\"mo.MoRef\",\"Moid\":\"5ddeb24d6972652d3100cb82\",\"ObjectType\":\"organization.Organization\",\"link\":\"https://www.intersight.com/api/v1/organization/Organizations/5ddeb24d6972652d3100cb82\"}],\"SharedScope\":\"\",\"Tags\":[{\"Key\":\"location\",\"Value\":\"Backup-DC\"},{\"Key\":\"orchestrator\",\"Value\":\"terraform\"}]}",
            "aggregate_port_id": 0,
            "ancestors": [
              {
                "additional_properties": "",
                "class_id": "mo.MoRef",
                "moid": "6123cf426f62692d326cfe5a",
                "object_type": "fabric.PortPolicy",
                "selector": ""
              }
            ],
            "class_id": "fabric.ServerRole",
            "create_time": "2021-08-23 16:39:32.293 +0000 UTC",
            "domain_group_moid": "5b25418c7a7662743465cf2d",
            "id": "6123cf446f62692d326cfe96",
            "mod_time": "2021-08-23 16:39:32.293 +0000 UTC",
            "moid": "6123cf446f62692d326cfe96",
            "object_type": "fabric.ServerRole",
            "owners": [
              "59af0e11f11aa10001678016"
            ],
            "parent": [
              {
                "additional_properties": "",
                "class_id": "mo.MoRef",
                "moid": "6123cf426f62692d326cfe5a",
                "object_type": "fabric.PortPolicy",
                "selector": ""
              }
            ],
            "permission_resources": [
              {
                "additional_properties": "",
                "class_id": "mo.MoRef",
                "moid": "5ddeb24d6972652d3100cb82",
                "object_type": "organization.Organization",
                "selector": ""
              }
            ],
            "port_id": 17,
            "port_policy": [
              {
                "additional_properties": "",
                "class_id": "mo.MoRef",
                "moid": "6123cf426f62692d326cfe5a",
                "object_type": "fabric.PortPolicy",
                "selector": ""
              }
            ],
            "shared_scope": "",
            "slot_id": 1,
            "tags": [
              {
                "additional_properties": "",
                "key": "location",
                "value": "Backup-DC"
              },
              {
                "additional_properties": "",
                "key": "orchestrator",
                "value": "terraform"
              }
            ],
            "version_context": []
          },
          "sensitive_attributes": [],
          "private": "bnVsbA==",
          "dependencies": [
            "data.intersight_organization_organization.default",
            "module.intersight_policy_bundle.intersight_fabric_port_policy.fabric_port_policy1",
            "module.intersight_policy_bundle.intersight_fabric_switch_cluster_profile.fabric_switch_cluster_profile1",
            "module.intersight_policy_bundle.intersight_fabric_switch_profile.fabric_switch_profile_a",
            "module.intersight_policy_bundle.intersight_fabric_switch_profile.fabric_switch_profile_b"
          ]
        },
        {
          "index_key": "18",
          "schema_version": 0,
          "attributes": {
            "account_moid": "59af0e11f11aa10001678016",
            "additional_properties": "{\"AccountMoid\":\"59af0e11f11aa10001678016\",\"Ancestors\":[{\"ClassId\":\"mo.MoRef\",\"Moid\":\"6123cf426f62692d326cfe5a\",\"ObjectType\":\"fabric.PortPolicy\",\"link\":\"https://www.intersight.com/api/v1/fabric/PortPolicies/6123cf426f62692d326cfe5a\"}],\"CreateTime\":\"2021-08-23T16:39:32.091Z\",\"DomainGroupMoid\":\"5b25418c7a7662743465cf2d\",\"ModTime\":\"2021-08-23T16:39:32.091Z\",\"Moid\":\"6123cf446f62692d326cfe8c\",\"Owners\":[\"59af0e11f11aa10001678016\"],\"Parent\":{\"ClassId\":\"mo.MoRef\",\"Moid\":\"6123cf426f62692d326cfe5a\",\"ObjectType\":\"fabric.PortPolicy\",\"link\":\"https://www.intersight.com/api/v1/fabric/PortPolicies/6123cf426f62692d326cfe5a\"},\"PermissionResources\":[{\"ClassId\":\"mo.MoRef\",\"Moid\":\"5ddeb24d6972652d3100cb82\",\"ObjectType\":\"organization.Organization\",\"link\":\"https://www.intersight.com/api/v1/organization/Organizations/5ddeb24d6972652d3100cb82\"}],\"SharedScope\":\"\",\"Tags\":[{\"Key\":\"location\",\"Value\":\"Backup-DC\"},{\"Key\":\"orchestrator\",\"Value\":\"terraform\"}]}",
            "aggregate_port_id": 0,
            "ancestors": [
              {
                "additional_properties": "",
                "class_id": "mo.MoRef",
                "moid": "6123cf426f62692d326cfe5a",
                "object_type": "fabric.PortPolicy",
                "selector": ""
              }
            ],
            "class_id": "fabric.ServerRole",
            "create_time": "2021-08-23 16:39:32.091 +0000 UTC",
            "domain_group_moid": "5b25418c7a7662743465cf2d",
            "id": "6123cf446f62692d326cfe8c",
            "mod_time": "2021-08-23 16:39:32.091 +0000 UTC",
            "moid": "6123cf446f62692d326cfe8c",
            "object_type": "fabric.ServerRole",
            "owners": [
              "59af0e11f11aa10001678016"
            ],
            "parent": [
              {
                "additional_properties": "",
                "class_id": "mo.MoRef",
                "moid": "6123cf426f62692d326cfe5a",
                "object_type": "fabric.PortPolicy",
                "selector": ""
              }
            ],
            "permission_resources": [
              {
                "additional_properties": "",
                "class_id": "mo.MoRef",
                "moid": "5ddeb24d6972652d3100cb82",
                "object_type": "organization.Organization",
                "selector": ""
              }
            ],
            "port_id": 18,
            "port_policy": [
              {
                "additional_properties": "",
                "class_id": "mo.MoRef",
                "moid": "6123cf426f62692d326cfe5a",
                "object_type": "fabric.PortPolicy",
                "selector": ""
              }
            ],
            "shared_scope": "",
            "slot_id": 1,
            "tags": [
              {
                "additional_properties": "",
                "key": "location",
                "value": "Backup-DC"
              },
              {
                "additional_properties": "",
                "key": "orchestrator",
                "value": "terraform"
              }
            ],
            "version_context": []
          },
          "sensitive_attributes": [],
          "private": "bnVsbA==",
          "dependencies": [
            "data.intersight_organization_organization.default",
            "module.intersight_policy_bundle.intersight_fabric_port_policy.fabric_port_policy1",
            "module.intersight_policy_bundle.intersight_fabric_switch_cluster_profile.fabric_switch_cluster_profile1",
            "module.intersight_policy_bundle.intersight_fabric_switch_profile.fabric_switch_profile_a",
            "module.intersight_policy_bundle.intersight_fabric_switch_profile.fabric_switch_profile_b"
          ]
        },
        {
          "index_key": "19",
          "schema_version": 0,
          "attributes": {
            "account_moid": "59af0e11f11aa10001678016",
            "additional_properties": "{\"AccountMoid\":\"59af0e11f11aa10001678016\",\"Ancestors\":[{\"ClassId\":\"mo.MoRef\",\"Moid\":\"6123cf426f62692d326cfe5a\",\"ObjectType\":\"fabric.PortPolicy\",\"link\":\"https://www.intersight.com/api/v1/fabric/PortPolicies/6123cf426f62692d326cfe5a\"}],\"CreateTime\":\"2021-08-23T16:39:31.889Z\",\"DomainGroupMoid\":\"5b25418c7a7662743465cf2d\",\"ModTime\":\"2021-08-23T16:39:31.889Z\",\"Moid\":\"6123cf436f62692d326cfe80\",\"Owners\":[\"59af0e11f11aa10001678016\"],\"Parent\":{\"ClassId\":\"mo.MoRef\",\"Moid\":\"6123cf426f62692d326cfe5a\",\"ObjectType\":\"fabric.PortPolicy\",\"link\":\"https://www.intersight.com/api/v1/fabric/PortPolicies/6123cf426f62692d326cfe5a\"},\"PermissionResources\":[{\"ClassId\":\"mo.MoRef\",\"Moid\":\"5ddeb24d6972652d3100cb82\",\"ObjectType\":\"organization.Organization\",\"link\":\"https://www.intersight.com/api/v1/organization/Organizations/5ddeb24d6972652d3100cb82\"}],\"SharedScope\":\"\",\"Tags\":[{\"Key\":\"location\",\"Value\":\"Backup-DC\"},{\"Key\":\"orchestrator\",\"Value\":\"terraform\"}]}",
            "aggregate_port_id": 0,
            "ancestors": [
              {
                "additional_properties": "",
                "class_id": "mo.MoRef",
                "moid": "6123cf426f62692d326cfe5a",
                "object_type": "fabric.PortPolicy",
                "selector": ""
              }
            ],
            "class_id": "fabric.ServerRole",
            "create_time": "2021-08-23 16:39:31.889 +0000 UTC",
            "domain_group_moid": "5b25418c7a7662743465cf2d",
            "id": "6123cf436f62692d326cfe80",
            "mod_time": "2021-08-23 16:39:31.889 +0000 UTC",
            "moid": "6123cf436f62692d326cfe80",
            "object_type": "fabric.ServerRole",
            "owners": [
              "59af0e11f11aa10001678016"
            ],
            "parent": [
              {
                "additional_properties": "",
                "class_id": "mo.MoRef",
                "moid": "6123cf426f62692d326cfe5a",
                "object_type": "fabric.PortPolicy",
                "selector": ""
              }
            ],
            "permission_resources": [
              {
                "additional_properties": "",
                "class_id": "mo.MoRef",
                "moid": "5ddeb24d6972652d3100cb82",
                "object_type": "organization.Organization",
                "selector": ""
              }
            ],
            "port_id": 19,
            "port_policy": [
              {
                "additional_properties": "",
                "class_id": "mo.MoRef",
                "moid": "6123cf426f62692d326cfe5a",
                "object_type": "fabric.PortPolicy",
                "selector": ""
              }
            ],
            "shared_scope": "",
            "slot_id": 1,
            "tags": [
              {
                "additional_properties": "",
                "key": "location",
                "value": "Backup-DC"
              },
              {
                "additional_properties": "",
                "key": "orchestrator",
                "value": "terraform"
              }
            ],
            "version_context": []
          },
          "sensitive_attributes": [],
          "private": "bnVsbA==",
          "dependencies": [
            "data.intersight_organization_organization.default",
            "module.intersight_policy_bundle.intersight_fabric_port_policy.fabric_port_policy1",
            "module.intersight_policy_bundle.intersight_fabric_switch_cluster_profile.fabric_switch_cluster_profile1",
            "module.intersight_policy_bundle.intersight_fabric_switch_profile.fabric_switch_profile_a",
            "module.intersight_policy_bundle.intersight_fabric_switch_profile.fabric_switch_profile_b"
          ]
        },
        {
          "index_key": "20",
          "schema_version": 0,
          "attributes": {
            "account_moid": "59af0e11f11aa10001678016",
            "additional_properties": "{\"AccountMoid\":\"59af0e11f11aa10001678016\",\"Ancestors\":[{\"ClassId\":\"mo.MoRef\",\"Moid\":\"6123cf426f62692d326cfe5a\",\"ObjectType\":\"fabric.PortPolicy\",\"link\":\"https://www.intersight.com/api/v1/fabric/PortPolicies/6123cf426f62692d326cfe5a\"}],\"CreateTime\":\"2021-08-23T16:39:32.366Z\",\"DomainGroupMoid\":\"5b25418c7a7662743465cf2d\",\"ModTime\":\"2021-08-23T16:39:32.367Z\",\"Moid\":\"6123cf446f62692d326cfe9b\",\"Owners\":[\"59af0e11f11aa10001678016\"],\"Parent\":{\"ClassId\":\"mo.MoRef\",\"Moid\":\"6123cf426f62692d326cfe5a\",\"ObjectType\":\"fabric.PortPolicy\",\"link\":\"https://www.intersight.com/api/v1/fabric/PortPolicies/6123cf426f62692d326cfe5a\"},\"PermissionResources\":[{\"ClassId\":\"mo.MoRef\",\"Moid\":\"5ddeb24d6972652d3100cb82\",\"ObjectType\":\"organization.Organization\",\"link\":\"https://www.intersight.com/api/v1/organization/Organizations/5ddeb24d6972652d3100cb82\"}],\"SharedScope\":\"\",\"Tags\":[{\"Key\":\"location\",\"Value\":\"Backup-DC\"},{\"Key\":\"orchestrator\",\"Value\":\"terraform\"}]}",
            "aggregate_port_id": 0,
            "ancestors": [
              {
                "additional_properties": "",
                "class_id": "mo.MoRef",
                "moid": "6123cf426f62692d326cfe5a",
                "object_type": "fabric.PortPolicy",
                "selector": ""
              }
            ],
            "class_id": "fabric.ServerRole",
            "create_time": "2021-08-23 16:39:32.366 +0000 UTC",
            "domain_group_moid": "5b25418c7a7662743465cf2d",
            "id": "6123cf446f62692d326cfe9b",
            "mod_time": "2021-08-23 16:39:32.367 +0000 UTC",
            "moid": "6123cf446f62692d326cfe9b",
            "object_type": "fabric.ServerRole",
            "owners": [
              "59af0e11f11aa10001678016"
            ],
            "parent": [
              {
                "additional_properties": "",
                "class_id": "mo.MoRef",
                "moid": "6123cf426f62692d326cfe5a",
                "object_type": "fabric.PortPolicy",
                "selector": ""
              }
            ],
            "permission_resources": [
              {
                "additional_properties": "",
                "class_id": "mo.MoRef",
                "moid": "5ddeb24d6972652d3100cb82",
                "object_type": "organization.Organization",
                "selector": ""
              }
            ],
            "port_id": 20,
            "port_policy": [
              {
                "additional_properties": "",
                "class_id": "mo.MoRef",
                "moid": "6123cf426f62692d326cfe5a",
                "object_type": "fabric.PortPolicy",
                "selector": ""
              }
            ],
            "shared_scope": "",
            "slot_id": 1,
            "tags": [
              {
                "additional_properties": "",
                "key": "location",
                "value": "Backup-DC"
              },
              {
                "additional_properties": "",
                "key": "orchestrator",
                "value": "terraform"
              }
            ],
            "version_context": []
          },
          "sensitive_attributes": [],
          "private": "bnVsbA==",
          "dependencies": [
            "data.intersight_organization_organization.default",
            "module.intersight_policy_bundle.intersight_fabric_port_policy.fabric_port_policy1",
            "module.intersight_policy_bundle.intersight_fabric_switch_cluster_profile.fabric_switch_cluster_profile1",
            "module.intersight_policy_bundle.intersight_fabric_switch_profile.fabric_switch_profile_a",
            "module.intersight_policy_bundle.intersight_fabric_switch_profile.fabric_switch_profile_b"
          ]
        }
      ]
    },
    {
      "module": "module.intersight_policy_bundle",
      "mode": "managed",
      "type": "intersight_fabric_switch_cluster_profile",
      "name": "fabric_switch_cluster_profile1",
      "provider": "provider[\"registry.terraform.io/ciscodevnet/intersight\"]",
      "instances": [
        {
          "schema_version": 0,
          "attributes": {
            "account_moid": "59af0e11f11aa10001678016",
            "additional_properties": "{\"AccountMoid\":\"59af0e11f11aa10001678016\",\"Ancestors\":[],\"CreateTime\":\"2021-08-23T16:39:27.063Z\",\"DomainGroupMoid\":\"5b25418c7a7662743465cf2d\",\"ModTime\":\"2021-08-23T16:39:27.063Z\",\"Moid\":\"6123cf3e656e6f2d30d829eb\",\"Owners\":[\"59af0e11f11aa10001678016\"],\"PermissionResources\":[{\"ClassId\":\"mo.MoRef\",\"Moid\":\"5ddeb24d6972652d3100cb82\",\"ObjectType\":\"organization.Organization\",\"link\":\"https://www.intersight.com/api/v1/organization/Organizations/5ddeb24d6972652d3100cb82\"}],\"SharedScope\":\"\",\"Tags\":[{\"Key\":\"location\",\"Value\":\"Backup-DC\"},{\"Key\":\"orchestrator\",\"Value\":\"terraform\"}]}",
            "ancestors": [],
            "class_id": "fabric.SwitchClusterProfile",
            "config_context": [
              {
                "additional_properties": "",
                "class_id": "policy.ConfigContext",
                "config_state": "",
                "control_action": "",
                "error_state": "",
                "object_type": "policy.ConfigContext",
                "oper_state": ""
              }
            ],
            "create_time": "2021-08-23 16:39:27.063 +0000 UTC",
            "description": "Created by Terraform",
            "domain_group_moid": "5b25418c7a7662743465cf2d",
            "id": "6123cf3e656e6f2d30d829eb",
            "mod_time": "2021-08-23 16:39:27.063 +0000 UTC",
            "moid": "6123cf3e656e6f2d30d829eb",
            "name": "pdc-domain",
            "object_type": "fabric.SwitchClusterProfile",
            "organization": [
              {
                "additional_properties": "",
                "class_id": "mo.MoRef",
                "moid": "5ddeb24d6972652d3100cb82",
                "object_type": "organization.Organization",
                "selector": ""
              }
            ],
            "owners": [
              "59af0e11f11aa10001678016"
            ],
            "parent": [],
            "permission_resources": [
              {
                "additional_properties": "",
                "class_id": "mo.MoRef",
                "moid": "5ddeb24d6972652d3100cb82",
                "object_type": "organization.Organization",
                "selector": ""
              }
            ],
            "shared_scope": "",
            "src_template": [],
            "switch_profiles": [],
            "switch_profiles_count": 0,
            "tags": [
              {
                "additional_properties": "",
                "key": "location",
                "value": "Backup-DC"
              },
              {
                "additional_properties": "",
                "key": "orchestrator",
                "value": "terraform"
              }
            ],
            "type": "instance",
            "version_context": []
          },
          "sensitive_attributes": [],
          "private": "bnVsbA==",
          "dependencies": [
            "data.intersight_organization_organization.default"
          ]
        }
      ]
    },
    {
      "module": "module.intersight_policy_bundle",
      "mode": "managed",
      "type": "intersight_fabric_switch_profile",
      "name": "fabric_switch_profile_a",
      "provider": "provider[\"registry.terraform.io/ciscodevnet/intersight\"]",
      "instances": [
        {
          "schema_version": 0,
          "attributes": {
            "account_moid": "59af0e11f11aa10001678016",
            "action": "No-op",
            "additional_properties": "{\"AccountMoid\":\"59af0e11f11aa10001678016\",\"Ancestors\":[{\"ClassId\":\"mo.MoRef\",\"Moid\":\"6123cf3e656e6f2d30d829eb\",\"ObjectType\":\"fabric.SwitchClusterProfile\",\"link\":\"https://www.intersight.com/api/v1/fabric/SwitchClusterProfiles/6123cf3e656e6f2d30d829eb\"}],\"CreateTime\":\"2021-08-23T16:39:28.596Z\",\"Description\":\"Created by Terraform\",\"DomainGroupMoid\":\"5b25418c7a7662743465cf2d\",\"ModTime\":\"2021-08-23T16:39:28.597Z\",\"Moid\":\"6123cf40656e6f2d30d82a01\",\"Name\":\"pdc-domain-profile-A\",\"Owners\":[\"59af0e11f11aa10001678016\"],\"Parent\":{\"ClassId\":\"mo.MoRef\",\"Moid\":\"6123cf3e656e6f2d30d829eb\",\"ObjectType\":\"fabric.SwitchClusterProfile\",\"link\":\"https://www.intersight.com/api/v1/fabric/SwitchClusterProfiles/6123cf3e656e6f2d30d829eb\"},\"PermissionResources\":[{\"ClassId\":\"mo.MoRef\",\"Moid\":\"5ddeb24d6972652d3100cb82\",\"ObjectType\":\"organization.Organization\",\"link\":\"https://www.intersight.com/api/v1/organization/Organizations/5ddeb24d6972652d3100cb82\"}],\"SharedScope\":\"\",\"SrcTemplate\":null,\"Tags\":[{\"Key\":\"location\",\"Value\":\"Backup-DC\"},{\"Key\":\"orchestrator\",\"Value\":\"terraform\"}],\"Type\":\"instance\"}",
            "ancestors": [
              {
                "additional_properties": "",
                "class_id": "mo.MoRef",
                "moid": "6123cf3e656e6f2d30d829eb",
                "object_type": "fabric.SwitchClusterProfile",
                "selector": ""
              }
            ],
            "assigned_switch": [],
            "associated_switch": [],
            "class_id": "fabric.SwitchProfile",
            "config_change_details": [],
            "config_changes": [
              {
                "additional_properties": "",
                "changes": [],
                "class_id": "policy.ConfigChange",
                "disruptions": [],
                "object_type": "policy.ConfigChange"
              }
            ],
            "config_context": [
              {
                "additional_properties": "",
                "class_id": "policy.ConfigContext",
                "config_state": "Not-assigned",
                "control_action": "No-op",
                "error_state": "",
                "object_type": "policy.ConfigContext",
                "oper_state": ""
              }
            ],
            "config_result": [
              {
                "additional_properties": "",
                "class_id": "mo.MoRef",
                "moid": "6123cf40656e6f2d30d82a02",
                "object_type": "fabric.ConfigResult",
                "selector": ""
              }
            ],
            "create_time": "2021-08-23 16:39:28.596 +0000 UTC",
            "description": "Created by Terraform",
            "domain_group_moid": "5b25418c7a7662743465cf2d",
            "id": "6123cf40656e6f2d30d82a01",
            "mod_time": "2021-08-23 16:39:28.597 +0000 UTC",
            "moid": "6123cf40656e6f2d30d82a01",
            "name": "pdc-domain-profile-A",
            "object_type": "fabric.SwitchProfile",
            "owners": [
              "59af0e11f11aa10001678016"
            ],
            "parent": [
              {
                "additional_properties": "",
                "class_id": "mo.MoRef",
                "moid": "6123cf3e656e6f2d30d829eb",
                "object_type": "fabric.SwitchClusterProfile",
                "selector": ""
              }
            ],
            "permission_resources": [
              {
                "additional_properties": "",
                "class_id": "mo.MoRef",
                "moid": "5ddeb24d6972652d3100cb82",
                "object_type": "organization.Organization",
                "selector": ""
              }
            ],
            "policy_bucket": [],
            "running_workflows": [],
            "shared_scope": "",
            "src_template": [],
            "switch_cluster_profile": [
              {
                "additional_properties": "",
                "class_id": "mo.MoRef",
                "moid": "6123cf3e656e6f2d30d829eb",
                "object_type": "fabric.SwitchClusterProfile",
                "selector": ""
              }
            ],
            "tags": [
              {
                "additional_properties": "",
                "key": "location",
                "value": "Backup-DC"
              },
              {
                "additional_properties": "",
                "key": "orchestrator",
                "value": "terraform"
              }
            ],
            "type": "instance",
            "version_context": [],
            "wait_for_completion": true
          },
          "sensitive_attributes": [],
          "private": "bnVsbA==",
          "dependencies": [
            "data.intersight_organization_organization.default",
            "module.intersight_policy_bundle.intersight_fabric_switch_cluster_profile.fabric_switch_cluster_profile1"
          ]
        }
      ]
    },
    {
      "module": "module.intersight_policy_bundle",
      "mode": "managed",
      "type": "intersight_fabric_switch_profile",
      "name": "fabric_switch_profile_b",
      "provider": "provider[\"registry.terraform.io/ciscodevnet/intersight\"]",
      "instances": [
        {
          "schema_version": 0,
          "attributes": {
            "account_moid": "59af0e11f11aa10001678016",
            "action": "No-op",
            "additional_properties": "{\"AccountMoid\":\"59af0e11f11aa10001678016\",\"Ancestors\":[{\"ClassId\":\"mo.MoRef\",\"Moid\":\"6123cf3e656e6f2d30d829eb\",\"ObjectType\":\"fabric.SwitchClusterProfile\",\"link\":\"https://www.intersight.com/api/v1/fabric/SwitchClusterProfiles/6123cf3e656e6f2d30d829eb\"}],\"CreateTime\":\"2021-08-23T16:39:29.054Z\",\"Description\":\"Created by Terraform\",\"DomainGroupMoid\":\"5b25418c7a7662743465cf2d\",\"ModTime\":\"2021-08-23T16:39:29.056Z\",\"Moid\":\"6123cf41656e6f2d30d82a07\",\"Name\":\"pdc-domain-profile-B\",\"Owners\":[\"59af0e11f11aa10001678016\"],\"Parent\":{\"ClassId\":\"mo.MoRef\",\"Moid\":\"6123cf3e656e6f2d30d829eb\",\"ObjectType\":\"fabric.SwitchClusterProfile\",\"link\":\"https://www.intersight.com/api/v1/fabric/SwitchClusterProfiles/6123cf3e656e6f2d30d829eb\"},\"PermissionResources\":[{\"ClassId\":\"mo.MoRef\",\"Moid\":\"5ddeb24d6972652d3100cb82\",\"ObjectType\":\"organization.Organization\",\"link\":\"https://www.intersight.com/api/v1/organization/Organizations/5ddeb24d6972652d3100cb82\"}],\"SharedScope\":\"\",\"SrcTemplate\":null,\"Tags\":[{\"Key\":\"location\",\"Value\":\"Backup-DC\"},{\"Key\":\"orchestrator\",\"Value\":\"terraform\"}],\"Type\":\"instance\"}",
            "ancestors": [
              {
                "additional_properties": "",
                "class_id": "mo.MoRef",
                "moid": "6123cf3e656e6f2d30d829eb",
                "object_type": "fabric.SwitchClusterProfile",
                "selector": ""
              }
            ],
            "assigned_switch": [],
            "associated_switch": [],
            "class_id": "fabric.SwitchProfile",
            "config_change_details": [],
            "config_changes": [
              {
                "additional_properties": "",
                "changes": [],
                "class_id": "policy.ConfigChange",
                "disruptions": [],
                "object_type": "policy.ConfigChange"
              }
            ],
            "config_context": [
              {
                "additional_properties": "",
                "class_id": "policy.ConfigContext",
                "config_state": "Not-assigned",
                "control_action": "No-op",
                "error_state": "",
                "object_type": "policy.ConfigContext",
                "oper_state": ""
              }
            ],
            "config_result": [
              {
                "additional_properties": "",
                "class_id": "mo.MoRef",
                "moid": "6123cf41656e6f2d30d82a08",
                "object_type": "fabric.ConfigResult",
                "selector": ""
              }
            ],
            "create_time": "2021-08-23 16:39:29.054 +0000 UTC",
            "description": "Created by Terraform",
            "domain_group_moid": "5b25418c7a7662743465cf2d",
            "id": "6123cf41656e6f2d30d82a07",
            "mod_time": "2021-08-23 16:39:29.056 +0000 UTC",
            "moid": "6123cf41656e6f2d30d82a07",
            "name": "pdc-domain-profile-B",
            "object_type": "fabric.SwitchProfile",
            "owners": [
              "59af0e11f11aa10001678016"
            ],
            "parent": [
              {
                "additional_properties": "",
                "class_id": "mo.MoRef",
                "moid": "6123cf3e656e6f2d30d829eb",
                "object_type": "fabric.SwitchClusterProfile",
                "selector": ""
              }
            ],
            "permission_resources": [
              {
                "additional_properties": "",
                "class_id": "mo.MoRef",
                "moid": "5ddeb24d6972652d3100cb82",
                "object_type": "organization.Organization",
                "selector": ""
              }
            ],
            "policy_bucket": [],
            "running_workflows": [],
            "shared_scope": "",
            "src_template": [],
            "switch_cluster_profile": [
              {
                "additional_properties": "",
                "class_id": "mo.MoRef",
                "moid": "6123cf3e656e6f2d30d829eb",
                "object_type": "fabric.SwitchClusterProfile",
                "selector": ""
              }
            ],
            "tags": [
              {
                "additional_properties": "",
                "key": "location",
                "value": "Backup-DC"
              },
              {
                "additional_properties": "",
                "key": "orchestrator",
                "value": "terraform"
              }
            ],
            "type": "instance",
            "version_context": [],
            "wait_for_completion": true
          },
          "sensitive_attributes": [],
          "private": "bnVsbA==",
          "dependencies": [
            "data.intersight_organization_organization.default",
            "module.intersight_policy_bundle.intersight_fabric_switch_cluster_profile.fabric_switch_cluster_profile1"
          ]
        }
      ]
    },
    {
      "module": "module.intersight_policy_bundle",
      "mode": "managed",
      "type": "intersight_fabric_system_qos_policy",
      "name": "qos1",
      "provider": "provider[\"registry.terraform.io/ciscodevnet/intersight\"]",
      "instances": [
        {
          "schema_version": 0,
          "attributes": {
            "account_moid": "59af0e11f11aa10001678016",
            "additional_properties": "{\"AccountMoid\":\"59af0e11f11aa10001678016\",\"Ancestors\":[],\"CreateTime\":\"2021-08-23T16:39:30.869Z\",\"DomainGroupMoid\":\"5b25418c7a7662743465cf2d\",\"ModTime\":\"2021-08-23T16:39:30.87Z\",\"Moid\":\"6123cf426f62692d326cfe46\",\"Owners\":[\"59af0e11f11aa10001678016\"],\"PermissionResources\":[{\"ClassId\":\"mo.MoRef\",\"Moid\":\"5ddeb24d6972652d3100cb82\",\"ObjectType\":\"organization.Organization\",\"link\":\"https://www.intersight.com/api/v1/organization/Organizations/5ddeb24d6972652d3100cb82\"}],\"SharedScope\":\"\",\"Tags\":[{\"Key\":\"location\",\"Value\":\"Backup-DC\"},{\"Key\":\"orchestrator\",\"Value\":\"terraform\"}]}",
            "ancestors": [],
            "class_id": "fabric.SystemQosPolicy",
            "classes": [
              {
                "additional_properties": "",
                "admin_state": "Disabled",
                "bandwidth_percent": 0,
                "class_id": "fabric.QosClass",
                "cos": 1,
                "mtu": 1500,
                "multicast_optimize": false,
                "name": "Bronze",
                "object_type": "fabric.QosClass",
                "packet_drop": true,
                "weight": 7
              },
              {
                "additional_properties": "",
                "admin_state": "Disabled",
                "bandwidth_percent": 0,
                "class_id": "fabric.QosClass",
                "cos": 2,
                "mtu": 1500,
                "multicast_optimize": false,
                "name": "Silver",
                "object_type": "fabric.QosClass",
                "packet_drop": true,
                "weight": 8
              },
              {
                "additional_properties": "",
                "admin_state": "Disabled",
                "bandwidth_percent": 0,
                "class_id": "fabric.QosClass",
                "cos": 4,
                "mtu": 1500,
                "multicast_optimize": false,
                "name": "Gold",
                "object_type": "fabric.QosClass",
                "packet_drop": true,
                "weight": 9
              },
              {
                "additional_properties": "",
                "admin_state": "Disabled",
                "bandwidth_percent": 0,
                "class_id": "fabric.QosClass",
                "cos": 5,
                "mtu": 1500,
                "multicast_optimize": false,
                "name": "Platinum",
                "object_type": "fabric.QosClass",
                "packet_drop": true,
                "weight": 10
              },
              {
                "additional_properties": "",
                "admin_state": "Enabled",
                "bandwidth_percent": 50,
                "class_id": "fabric.QosClass",
                "cos": 255,
                "mtu": 1500,
                "multicast_optimize": false,
                "name": "Best Effort",
                "object_type": "fabric.QosClass",
                "packet_drop": true,
                "weight": 5
              },
              {
                "additional_properties": "",
                "admin_state": "Enabled",
                "bandwidth_percent": 50,
                "class_id": "fabric.QosClass",
                "cos": 3,
                "mtu": 2240,
                "multicast_optimize": false,
                "name": "FC",
                "object_type": "fabric.QosClass",
                "packet_drop": false,
                "weight": 5
              }
            ],
            "create_time": "2021-08-23 16:39:30.869 +0000 UTC",
            "description": "Created by Terraform",
            "domain_group_moid": "5b25418c7a7662743465cf2d",
            "id": "6123cf426f62692d326cfe46",
            "mod_time": "2021-08-23 16:39:30.87 +0000 UTC",
            "moid": "6123cf426f62692d326cfe46",
            "name": "pdc-system-qos",
            "object_type": "fabric.SystemQosPolicy",
            "organization": [
              {
                "additional_properties": "",
                "class_id": "mo.MoRef",
                "moid": "5ddeb24d6972652d3100cb82",
                "object_type": "organization.Organization",
                "selector": ""
              }
            ],
            "owners": [
              "59af0e11f11aa10001678016"
            ],
            "parent": [],
            "permission_resources": [
              {
                "additional_properties": "",
                "class_id": "mo.MoRef",
                "moid": "5ddeb24d6972652d3100cb82",
                "object_type": "organization.Organization",
                "selector": ""
              }
            ],
            "profiles": [
              {
                "additional_properties": "",
                "class_id": "mo.MoRef",
                "moid": "6123cf40656e6f2d30d82a01",
                "object_type": "fabric.SwitchProfile",
                "selector": ""
              },
              {
                "additional_properties": "",
                "class_id": "mo.MoRef",
                "moid": "6123cf41656e6f2d30d82a07",
                "object_type": "fabric.SwitchProfile",
                "selector": ""
              }
            ],
            "shared_scope": "",
            "tags": [
              {
                "additional_properties": "",
                "key": "location",
                "value": "Backup-DC"
              },
              {
                "additional_properties": "",
                "key": "orchestrator",
                "value": "terraform"
              }
            ],
            "version_context": []
          },
          "sensitive_attributes": [],
          "private": "bnVsbA==",
          "dependencies": [
            "data.intersight_organization_organization.default",
            "module.intersight_policy_bundle.intersight_fabric_switch_cluster_profile.fabric_switch_cluster_profile1",
            "module.intersight_policy_bundle.intersight_fabric_switch_profile.fabric_switch_profile_a",
            "module.intersight_policy_bundle.intersight_fabric_switch_profile.fabric_switch_profile_b"
          ]
        }
      ]
    },
    {
      "module": "module.intersight_policy_bundle",
      "mode": "managed",
      "type": "intersight_fabric_uplink_pc_role",
      "name": "fabric_uplink_pc_role1",
      "provider": "provider[\"registry.terraform.io/ciscodevnet/intersight\"]",
      "instances": [
        {
          "schema_version": 0,
          "attributes": {
            "account_moid": "59af0e11f11aa10001678016",
            "additional_properties": "{\"AccountMoid\":\"59af0e11f11aa10001678016\",\"Ancestors\":[{\"ClassId\":\"mo.MoRef\",\"Moid\":\"6123cf426f62692d326cfe5a\",\"ObjectType\":\"fabric.PortPolicy\",\"link\":\"https://www.intersight.com/api/v1/fabric/PortPolicies/6123cf426f62692d326cfe5a\"}],\"CreateTime\":\"2021-08-23T16:39:32.212Z\",\"DomainGroupMoid\":\"5b25418c7a7662743465cf2d\",\"ModTime\":\"2021-08-23T16:39:32.212Z\",\"Moid\":\"6123cf446f62692d326cfe90\",\"Owners\":[\"59af0e11f11aa10001678016\"],\"Parent\":{\"ClassId\":\"mo.MoRef\",\"Moid\":\"6123cf426f62692d326cfe5a\",\"ObjectType\":\"fabric.PortPolicy\",\"link\":\"https://www.intersight.com/api/v1/fabric/PortPolicies/6123cf426f62692d326cfe5a\"},\"PermissionResources\":[{\"ClassId\":\"mo.MoRef\",\"Moid\":\"5ddeb24d6972652d3100cb82\",\"ObjectType\":\"organization.Organization\",\"link\":\"https://www.intersight.com/api/v1/organization/Organizations/5ddeb24d6972652d3100cb82\"}],\"SharedScope\":\"\",\"Tags\":[{\"Key\":\"location\",\"Value\":\"Backup-DC\"},{\"Key\":\"orchestrator\",\"Value\":\"terraform\"}]}",
            "admin_speed": "Auto",
            "ancestors": [
              {
                "additional_properties": "",
                "class_id": "mo.MoRef",
                "moid": "6123cf426f62692d326cfe5a",
                "object_type": "fabric.PortPolicy",
                "selector": ""
              }
            ],
            "class_id": "fabric.UplinkPcRole",
            "create_time": "2021-08-23 16:39:32.212 +0000 UTC",
            "domain_group_moid": "5b25418c7a7662743465cf2d",
            "flow_control_policy": [],
            "id": "6123cf446f62692d326cfe90",
            "link_aggregation_policy": [],
            "link_control_policy": [],
            "mod_time": "2021-08-23 16:39:32.212 +0000 UTC",
            "moid": "6123cf446f62692d326cfe90",
            "object_type": "fabric.UplinkPcRole",
            "owners": [
              "59af0e11f11aa10001678016"
            ],
            "parent": [
              {
                "additional_properties": "",
                "class_id": "mo.MoRef",
                "moid": "6123cf426f62692d326cfe5a",
                "object_type": "fabric.PortPolicy",
                "selector": ""
              }
            ],
            "pc_id": 100,
            "permission_resources": [
              {
                "additional_properties": "",
                "class_id": "mo.MoRef",
                "moid": "5ddeb24d6972652d3100cb82",
                "object_type": "organization.Organization",
                "selector": ""
              }
            ],
            "port_policy": [
              {
                "additional_properties": "",
                "class_id": "mo.MoRef",
                "moid": "6123cf426f62692d326cfe5a",
                "object_type": "fabric.PortPolicy",
                "selector": ""
              }
            ],
            "ports": [
              {
                "additional_properties": "",
                "aggregate_port_id": 0,
                "class_id": "fabric.PortIdentifier",
                "object_type": "fabric.PortIdentifier",
                "port_id": 49,
                "slot_id": 1
              },
              {
                "additional_properties": "",
                "aggregate_port_id": 0,
                "class_id": "fabric.PortIdentifier",
                "object_type": "fabric.PortIdentifier",
                "port_id": 50,
                "slot_id": 1
              }
            ],
            "shared_scope": "",
            "tags": [
              {
                "additional_properties": "",
                "key": "location",
                "value": "Backup-DC"
              },
              {
                "additional_properties": "",
                "key": "orchestrator",
                "value": "terraform"
              }
            ],
            "version_context": []
          },
          "sensitive_attributes": [],
          "private": "bnVsbA==",
          "dependencies": [
            "data.intersight_organization_organization.default",
            "module.intersight_policy_bundle.intersight_fabric_port_policy.fabric_port_policy1",
            "module.intersight_policy_bundle.intersight_fabric_switch_cluster_profile.fabric_switch_cluster_profile1",
            "module.intersight_policy_bundle.intersight_fabric_switch_profile.fabric_switch_profile_a",
            "module.intersight_policy_bundle.intersight_fabric_switch_profile.fabric_switch_profile_b"
          ]
        }
      ]
    },
    {
      "module": "module.intersight_policy_bundle",
      "mode": "managed",
      "type": "intersight_fabric_vlan",
      "name": "fabric_vlan1",
      "provider": "provider[\"registry.terraform.io/ciscodevnet/intersight\"]",
      "instances": [
        {
          "index_key": "vlan1020",
          "schema_version": 0,
          "attributes": {
            "account_moid": "59af0e11f11aa10001678016",
            "additional_properties": "",
            "ancestors": [
              {
                "additional_properties": "",
                "class_id": "mo.MoRef",
                "moid": "6123cf426f62692d326cfe2b",
                "object_type": "fabric.EthNetworkPolicy",
                "selector": ""
              }
            ],
            "auto_allow_on_uplinks": true,
            "class_id": "fabric.Vlan",
            "create_time": "2021-08-23 16:39:31.412 +0000 UTC",
            "domain_group_moid": "5b25418c7a7662743465cf2d",
            "eth_network_policy": [
              {
                "additional_properties": "",
                "class_id": "mo.MoRef",
                "moid": "6123cf426f62692d326cfe2b",
                "object_type": "fabric.EthNetworkPolicy",
                "selector": ""
              }
            ],
            "id": "6123cf436f62692d326cfe6b",
            "is_native": false,
            "mod_time": "2021-08-23 16:39:31.413 +0000 UTC",
            "moid": "6123cf436f62692d326cfe6b",
            "multicast_policy": [
              {
                "additional_properties": "",
                "class_id": "mo.MoRef",
                "moid": "6123cf3f6f62692d326cfdd0",
                "object_type": "fabric.MulticastPolicy",
                "selector": ""
              }
            ],
            "name": "vlan1020",
            "object_type": "fabric.Vlan",
            "owners": [
              "59af0e11f11aa10001678016"
            ],
            "parent": [
              {
                "additional_properties": "",
                "class_id": "mo.MoRef",
                "moid": "6123cf426f62692d326cfe2b",
                "object_type": "fabric.EthNetworkPolicy",
                "selector": ""
              }
            ],
            "permission_resources": [
              {
                "additional_properties": "",
                "class_id": "mo.MoRef",
                "moid": "5ddeb24d6972652d3100cb82",
                "object_type": "organization.Organization",
                "selector": ""
              }
            ],
            "shared_scope": "",
            "tags": [],
            "version_context": [],
            "vlan_id": 1020
          },
          "sensitive_attributes": [],
          "private": "bnVsbA==",
          "dependencies": [
            "data.intersight_organization_organization.default",
            "module.intersight_policy_bundle.intersight_fabric_eth_network_policy.fabric_eth_network_policy1",
            "module.intersight_policy_bundle.intersight_fabric_multicast_policy.fabric_multicast_policy1",
            "module.intersight_policy_bundle.intersight_fabric_switch_cluster_profile.fabric_switch_cluster_profile1",
            "module.intersight_policy_bundle.intersight_fabric_switch_profile.fabric_switch_profile_a",
            "module.intersight_policy_bundle.intersight_fabric_switch_profile.fabric_switch_profile_b"
          ]
        },
        {
          "index_key": "vlan1021",
          "schema_version": 0,
          "attributes": {
            "account_moid": "59af0e11f11aa10001678016",
            "additional_properties": "",
            "ancestors": [
              {
                "additional_properties": "",
                "class_id": "mo.MoRef",
                "moid": "6123cf426f62692d326cfe2b",
                "object_type": "fabric.EthNetworkPolicy",
                "selector": ""
              }
            ],
            "auto_allow_on_uplinks": true,
            "class_id": "fabric.Vlan",
            "create_time": "2021-08-23 16:39:31.466 +0000 UTC",
            "domain_group_moid": "5b25418c7a7662743465cf2d",
            "eth_network_policy": [
              {
                "additional_properties": "",
                "class_id": "mo.MoRef",
                "moid": "6123cf426f62692d326cfe2b",
                "object_type": "fabric.EthNetworkPolicy",
                "selector": ""
              }
            ],
            "id": "6123cf436f62692d326cfe6f",
            "is_native": false,
            "mod_time": "2021-08-23 16:39:31.466 +0000 UTC",
            "moid": "6123cf436f62692d326cfe6f",
            "multicast_policy": [
              {
                "additional_properties": "",
                "class_id": "mo.MoRef",
                "moid": "6123cf3f6f62692d326cfdd0",
                "object_type": "fabric.MulticastPolicy",
                "selector": ""
              }
            ],
            "name": "vlan1021",
            "object_type": "fabric.Vlan",
            "owners": [
              "59af0e11f11aa10001678016"
            ],
            "parent": [
              {
                "additional_properties": "",
                "class_id": "mo.MoRef",
                "moid": "6123cf426f62692d326cfe2b",
                "object_type": "fabric.EthNetworkPolicy",
                "selector": ""
              }
            ],
            "permission_resources": [
              {
                "additional_properties": "",
                "class_id": "mo.MoRef",
                "moid": "5ddeb24d6972652d3100cb82",
                "object_type": "organization.Organization",
                "selector": ""
              }
            ],
            "shared_scope": "",
            "tags": [],
            "version_context": [],
            "vlan_id": 1021
          },
          "sensitive_attributes": [],
          "private": "bnVsbA==",
          "dependencies": [
            "data.intersight_organization_organization.default",
            "module.intersight_policy_bundle.intersight_fabric_eth_network_policy.fabric_eth_network_policy1",
            "module.intersight_policy_bundle.intersight_fabric_multicast_policy.fabric_multicast_policy1",
            "module.intersight_policy_bundle.intersight_fabric_switch_cluster_profile.fabric_switch_cluster_profile1",
            "module.intersight_policy_bundle.intersight_fabric_switch_profile.fabric_switch_profile_a",
            "module.intersight_policy_bundle.intersight_fabric_switch_profile.fabric_switch_profile_b"
          ]
        }
      ]
    },
    {
      "module": "module.intersight_policy_bundle",
      "mode": "managed",
      "type": "intersight_iam_end_point_user",
      "name": "iam_end_point_user1",
      "provider": "provider[\"registry.terraform.io/ciscodevnet/intersight\"]",
      "instances": [
        {
          "schema_version": 0,
          "attributes": {
            "account_moid": "59af0e11f11aa10001678016",
            "additional_properties": "",
            "ancestors": [],
            "class_id": "iam.EndPointUser",
            "create_time": "2021-08-23 16:39:29.194 +0000 UTC",
            "domain_group_moid": "5b25418c7a7662743465cf2d",
            "end_point_user_role": [],
            "id": "6123cf416275722d3063d40e",
            "mod_time": "2021-08-23 16:39:29.194 +0000 UTC",
            "moid": "6123cf416275722d3063d40e",
            "name": "pdc-user",
            "object_type": "iam.EndPointUser",
            "organization": [
              {
                "additional_properties": "",
                "class_id": "mo.MoRef",
                "moid": "5ddeb24d6972652d3100cb82",
                "object_type": "organization.Organization",
                "selector": ""
              }
            ],
            "owners": [
              "59af0e11f11aa10001678016"
            ],
            "parent": [],
            "permission_resources": [
              {
                "additional_properties": "",
                "class_id": "mo.MoRef",
                "moid": "5ddeb24d6972652d3100cb82",
                "object_type": "organization.Organization",
                "selector": ""
              }
            ],
            "shared_scope": "",
            "tags": [],
            "version_context": []
          },
          "sensitive_attributes": [],
          "private": "bnVsbA==",
          "dependencies": [
            "data.intersight_organization_organization.default"
          ]
        }
      ]
    },
    {
      "module": "module.intersight_policy_bundle",
      "mode": "managed",
      "type": "intersight_iam_end_point_user_policy",
      "name": "user_policy1",
      "provider": "provider[\"registry.terraform.io/ciscodevnet/intersight\"]",
      "instances": [
        {
          "schema_version": 0,
          "attributes": {
            "account_moid": "59af0e11f11aa10001678016",
            "additional_properties": "{\"AccountMoid\":\"59af0e11f11aa10001678016\",\"Ancestors\":[],\"CreateTime\":\"2021-08-23T16:39:27.248Z\",\"DomainGroupMoid\":\"5b25418c7a7662743465cf2d\",\"ModTime\":\"2021-08-23T16:39:27.248Z\",\"Moid\":\"6123cf3f6275722d3063d376\",\"Owners\":[\"59af0e11f11aa10001678016\"],\"PermissionResources\":[{\"ClassId\":\"mo.MoRef\",\"Moid\":\"5ddeb24d6972652d3100cb82\",\"ObjectType\":\"organization.Organization\",\"link\":\"https://www.intersight.com/api/v1/organization/Organizations/5ddeb24d6972652d3100cb82\"}],\"SharedScope\":\"\",\"Tags\":[{\"Key\":\"location\",\"Value\":\"Backup-DC\"},{\"Key\":\"orchestrator\",\"Value\":\"terraform\"}]}",
            "ancestors": [],
            "class_id": "iam.EndPointUserPolicy",
            "create_time": "2021-08-23 16:39:27.248 +0000 UTC",
            "description": "Created by Terraform",
            "domain_group_moid": "5b25418c7a7662743465cf2d",
            "end_point_user_roles": [],
            "id": "6123cf3f6275722d3063d376",
            "mod_time": "2021-08-23 16:39:27.248 +0000 UTC",
            "moid": "6123cf3f6275722d3063d376",
            "name": "pdc-local-user",
            "object_type": "iam.EndPointUserPolicy",
            "organization": [
              {
                "additional_properties": "",
                "class_id": "mo.MoRef",
                "moid": "5ddeb24d6972652d3100cb82",
                "object_type": "organization.Organization",
                "selector": ""
              }
            ],
            "owners": [
              "59af0e11f11aa10001678016"
            ],
            "parent": [],
            "password_properties": [
              {
                "additional_properties": "",
                "class_id": "iam.EndPointPasswordProperties",
                "enable_password_expiry": false,
                "enforce_strong_password": true,
                "force_send_password": true,
                "grace_period": 2,
                "notification_period": 1,
                "object_type": "iam.EndPointPasswordProperties",
                "password_expiry_duration": 50,
                "password_history": 5
              }
            ],
            "permission_resources": [
              {
                "additional_properties": "",
                "class_id": "mo.MoRef",
                "moid": "5ddeb24d6972652d3100cb82",
                "object_type": "organization.Organization",
                "selector": ""
              }
            ],
            "profiles": [],
            "shared_scope": "",
            "tags": [
              {
                "additional_properties": "",
                "key": "location",
                "value": "Backup-DC"
              },
              {
                "additional_properties": "",
                "key": "orchestrator",
                "value": "terraform"
              }
            ],
            "version_context": []
          },
          "sensitive_attributes": [],
          "private": "bnVsbA==",
          "dependencies": [
            "data.intersight_organization_organization.default"
          ]
        }
      ]
    },
    {
      "module": "module.intersight_policy_bundle",
      "mode": "managed",
      "type": "intersight_iam_end_point_user_role",
      "name": "roleadmin",
      "provider": "provider[\"registry.terraform.io/ciscodevnet/intersight\"]",
      "instances": [
        {
          "schema_version": 0,
          "attributes": {
            "account_moid": "59af0e11f11aa10001678016",
            "additional_properties": "",
            "ancestors": [
              {
                "additional_properties": "",
                "class_id": "mo.MoRef",
                "moid": "6123cf3f6275722d3063d376",
                "object_type": "iam.EndPointUserPolicy",
                "selector": ""
              }
            ],
            "change_password": true,
            "class_id": "iam.EndPointUserRole",
            "create_time": "2021-08-23 16:39:30.591 +0000 UTC",
            "domain_group_moid": "5b25418c7a7662743465cf2d",
            "enabled": true,
            "end_point_role": [
              {
                "additional_properties": "",
                "class_id": "mo.MoRef",
                "moid": "59684dcb5e468000016525c8",
                "object_type": "iam.EndPointRole",
                "selector": ""
              }
            ],
            "end_point_user": [
              {
                "additional_properties": "",
                "class_id": "mo.MoRef",
                "moid": "6123cf416275722d3063d40e",
                "object_type": "iam.EndPointUser",
                "selector": ""
              }
            ],
            "end_point_user_policy": [
              {
                "additional_properties": "",
                "class_id": "mo.MoRef",
                "moid": "6123cf3f6275722d3063d376",
                "object_type": "iam.EndPointUserPolicy",
                "selector": ""
              }
            ],
            "id": "6123cf426275722d3063d449",
            "is_password_set": true,
            "mod_time": "2021-08-23 16:39:30.592 +0000 UTC",
            "moid": "6123cf426275722d3063d449",
            "object_type": "iam.EndPointUserRole",
            "owners": [
              "59af0e11f11aa10001678016"
            ],
            "parent": [
              {
                "additional_properties": "",
                "class_id": "mo.MoRef",
                "moid": "6123cf3f6275722d3063d376",
                "object_type": "iam.EndPointUserPolicy",
                "selector": ""
              }
            ],
            "password": "Cisco123",
            "permission_resources": [
              {
                "additional_properties": "",
                "class_id": "mo.MoRef",
                "moid": "5ddeb24d6972652d3100cb82",
                "object_type": "organization.Organization",
                "selector": ""
              }
            ],
            "shared_scope": "",
            "tags": [],
            "version_context": []
          },
          "sensitive_attributes": [],
          "private": "bnVsbA==",
          "dependencies": [
            "data.intersight_organization_organization.default",
            "module.intersight_policy_bundle.data.intersight_iam_end_point_role.admin_role",
            "module.intersight_policy_bundle.intersight_iam_end_point_user.iam_end_point_user1",
            "module.intersight_policy_bundle.intersight_iam_end_point_user_policy.user_policy1"
          ]
        }
      ]
    },
    {
      "module": "module.intersight_policy_bundle",
      "mode": "managed",
      "type": "intersight_iam_ldap_group",
      "name": "group1",
      "provider": "provider[\"registry.terraform.io/ciscodevnet/intersight\"]",
      "instances": [
        {
          "schema_version": 0,
          "attributes": {
            "account_moid": "59af0e11f11aa10001678016",
            "additional_properties": "",
            "ancestors": [
              {
                "additional_properties": "",
                "class_id": "mo.MoRef",
                "moid": "6123cf406275722d3063d3ec",
                "object_type": "iam.LdapPolicy",
                "selector": ""
              }
            ],
            "class_id": "iam.LdapGroup",
            "create_time": "2021-08-23 16:39:29.773 +0000 UTC",
            "domain": "auslab.cisco.com",
            "domain_group_moid": "5b25418c7a7662743465cf2d",
            "end_point_role": [
              {
                "additional_properties": "",
                "class_id": "mo.MoRef",
                "moid": "59684dcb5e468000016525c8",
                "object_type": "iam.EndPointRole",
                "selector": ""
              }
            ],
            "id": "6123cf416275722d3063d425",
            "ldap_policy": [
              {
                "additional_properties": "",
                "class_id": "mo.MoRef",
                "moid": "6123cf406275722d3063d3ec",
                "object_type": "iam.LdapPolicy",
                "selector": ""
              }
            ],
            "mod_time": "2021-08-23 16:39:29.774 +0000 UTC",
            "moid": "6123cf416275722d3063d425",
            "name": "super_admin",
            "object_type": "iam.LdapGroup",
            "owners": [
              "59af0e11f11aa10001678016"
            ],
            "parent": [
              {
                "additional_properties": "",
                "class_id": "mo.MoRef",
                "moid": "6123cf406275722d3063d3ec",
                "object_type": "iam.LdapPolicy",
                "selector": ""
              }
            ],
            "permission_resources": [
              {
                "additional_properties": "",
                "class_id": "mo.MoRef",
                "moid": "5ddeb24d6972652d3100cb82",
                "object_type": "organization.Organization",
                "selector": ""
              }
            ],
            "shared_scope": "",
            "tags": [],
            "version_context": []
          },
          "sensitive_attributes": [],
          "private": "bnVsbA==",
          "dependencies": [
            "data.intersight_organization_organization.default",
            "module.intersight_policy_bundle.data.intersight_iam_end_point_role.imc_admin",
            "module.intersight_policy_bundle.intersight_iam_ldap_policy.policy1"
          ]
        }
      ]
    },
    {
      "module": "module.intersight_policy_bundle",
      "mode": "managed",
      "type": "intersight_iam_ldap_group",
      "name": "group2",
      "provider": "provider[\"registry.terraform.io/ciscodevnet/intersight\"]",
      "instances": [
        {
          "schema_version": 0,
          "attributes": {
            "account_moid": "59af0e11f11aa10001678016",
            "additional_properties": "",
            "ancestors": [
              {
                "additional_properties": "",
                "class_id": "mo.MoRef",
                "moid": "6123cf406275722d3063d3ec",
                "object_type": "iam.LdapPolicy",
                "selector": ""
              }
            ],
            "class_id": "iam.LdapGroup",
            "create_time": "2021-08-23 16:39:29.852 +0000 UTC",
            "domain": "auslab.cisco.com",
            "domain_group_moid": "5b25418c7a7662743465cf2d",
            "end_point_role": [
              {
                "additional_properties": "",
                "class_id": "mo.MoRef",
                "moid": "59684dcb5e468000016525ca",
                "object_type": "iam.EndPointRole",
                "selector": ""
              }
            ],
            "id": "6123cf416275722d3063d42e",
            "ldap_policy": [
              {
                "additional_properties": "",
                "class_id": "mo.MoRef",
                "moid": "6123cf406275722d3063d3ec",
                "object_type": "iam.LdapPolicy",
                "selector": ""
              }
            ],
            "mod_time": "2021-08-23 16:39:29.852 +0000 UTC",
            "moid": "6123cf416275722d3063d42e",
            "name": "WWDC Lab Users",
            "object_type": "iam.LdapGroup",
            "owners": [
              "59af0e11f11aa10001678016"
            ],
            "parent": [
              {
                "additional_properties": "",
                "class_id": "mo.MoRef",
                "moid": "6123cf406275722d3063d3ec",
                "object_type": "iam.LdapPolicy",
                "selector": ""
              }
            ],
            "permission_resources": [
              {
                "additional_properties": "",
                "class_id": "mo.MoRef",
                "moid": "5ddeb24d6972652d3100cb82",
                "object_type": "organization.Organization",
                "selector": ""
              }
            ],
            "shared_scope": "",
            "tags": [],
            "version_context": []
          },
          "sensitive_attributes": [],
          "private": "bnVsbA==",
          "dependencies": [
            "data.intersight_organization_organization.default",
            "module.intersight_policy_bundle.data.intersight_iam_end_point_role.imc_user",
            "module.intersight_policy_bundle.intersight_iam_ldap_policy.policy1"
          ]
        }
      ]
    },
    {
      "module": "module.intersight_policy_bundle",
      "mode": "managed",
      "type": "intersight_iam_ldap_group",
      "name": "group3",
      "provider": "provider[\"registry.terraform.io/ciscodevnet/intersight\"]",
      "instances": [
        {
          "schema_version": 0,
          "attributes": {
            "account_moid": "59af0e11f11aa10001678016",
            "additional_properties": "",
            "ancestors": [
              {
                "additional_properties": "",
                "class_id": "mo.MoRef",
                "moid": "6123cf406275722d3063d3ec",
                "object_type": "iam.LdapPolicy",
                "selector": ""
              }
            ],
            "class_id": "iam.LdapGroup",
            "create_time": "2021-08-23 16:39:30.061 +0000 UTC",
            "domain": "auslab.cisco.com",
            "domain_group_moid": "5b25418c7a7662743465cf2d",
            "end_point_role": [
              {
                "additional_properties": "",
                "class_id": "mo.MoRef",
                "moid": "59684dcb5e468000016525c9",
                "object_type": "iam.EndPointRole",
                "selector": ""
              }
            ],
            "id": "6123cf426275722d3063d435",
            "ldap_policy": [
              {
                "additional_properties": "",
                "class_id": "mo.MoRef",
                "moid": "6123cf406275722d3063d3ec",
                "object_type": "iam.LdapPolicy",
                "selector": ""
              }
            ],
            "mod_time": "2021-08-23 16:39:30.061 +0000 UTC",
            "moid": "6123cf426275722d3063d435",
            "name": "Domain Users",
            "object_type": "iam.LdapGroup",
            "owners": [
              "59af0e11f11aa10001678016"
            ],
            "parent": [
              {
                "additional_properties": "",
                "class_id": "mo.MoRef",
                "moid": "6123cf406275722d3063d3ec",
                "object_type": "iam.LdapPolicy",
                "selector": ""
              }
            ],
            "permission_resources": [
              {
                "additional_properties": "",
                "class_id": "mo.MoRef",
                "moid": "5ddeb24d6972652d3100cb82",
                "object_type": "organization.Organization",
                "selector": ""
              }
            ],
            "shared_scope": "",
            "tags": [],
            "version_context": []
          },
          "sensitive_attributes": [],
          "private": "bnVsbA==",
          "dependencies": [
            "data.intersight_organization_organization.default",
            "module.intersight_policy_bundle.data.intersight_iam_end_point_role.imc_readonly",
            "module.intersight_policy_bundle.intersight_iam_ldap_policy.policy1"
          ]
        }
      ]
    },
    {
      "module": "module.intersight_policy_bundle",
      "mode": "managed",
      "type": "intersight_iam_ldap_policy",
      "name": "policy1",
      "provider": "provider[\"registry.terraform.io/ciscodevnet/intersight\"]",
      "instances": [
        {
          "schema_version": 0,
          "attributes": {
            "account_moid": "59af0e11f11aa10001678016",
            "additional_properties": "{\"AccountMoid\":\"59af0e11f11aa10001678016\",\"Ancestors\":[],\"CreateTime\":\"2021-08-23T16:39:28.664Z\",\"DomainGroupMoid\":\"5b25418c7a7662743465cf2d\",\"ModTime\":\"2021-08-23T16:39:28.664Z\",\"Moid\":\"6123cf406275722d3063d3ec\",\"Owners\":[\"59af0e11f11aa10001678016\"],\"PermissionResources\":[{\"ClassId\":\"mo.MoRef\",\"Moid\":\"5ddeb24d6972652d3100cb82\",\"ObjectType\":\"organization.Organization\",\"link\":\"https://www.intersight.com/api/v1/organization/Organizations/5ddeb24d6972652d3100cb82\"}],\"SharedScope\":\"\",\"Tags\":[{\"Key\":\"location\",\"Value\":\"Backup-DC\"},{\"Key\":\"orchestrator\",\"Value\":\"terraform\"}]}",
            "ancestors": [],
            "appliance_account": [],
            "base_properties": [
              {
                "additional_properties": "",
                "attribute": "CiscoAvPair",
                "base_dn": "dc=auslab,dc=cisco,dc=com",
                "bind_dn": "",
                "bind_method": "LoginCredentials",
                "class_id": "iam.LdapBaseProperties",
                "domain": "auslab.cisco.com",
                "enable_encryption": false,
                "enable_group_authorization": true,
                "filter": "samAccountName",
                "group_attribute": "memberOf",
                "is_password_set": false,
                "nested_group_search_depth": 128,
                "object_type": "iam.LdapBaseProperties",
                "password": "",
                "timeout": 30
              }
            ],
            "class_id": "iam.LdapPolicy",
            "create_time": "2021-08-23 16:39:28.664 +0000 UTC",
            "description": "Created by Terraform",
            "dns_parameters": [
              {
                "additional_properties": "",
                "class_id": "iam.LdapDnsParameters",
                "nr_source": "Extracted",
                "object_type": "iam.LdapDnsParameters",
                "search_domain": "",
                "search_forest": ""
              }
            ],
            "domain_group_moid": "5b25418c7a7662743465cf2d",
            "enable_dns": false,
            "enabled": true,
            "groups": [],
            "id": "6123cf406275722d3063d3ec",
            "mod_time": "2021-08-23 16:39:28.664 +0000 UTC",
            "moid": "6123cf406275722d3063d3ec",
            "name": "pdc-ldap",
            "nr_providers": [],
            "object_type": "iam.LdapPolicy",
            "organization": [
              {
                "additional_properties": "",
                "class_id": "mo.MoRef",
                "moid": "5ddeb24d6972652d3100cb82",
                "object_type": "organization.Organization",
                "selector": ""
              }
            ],
            "owners": [
              "59af0e11f11aa10001678016"
            ],
            "parent": [],
            "permission_resources": [
              {
                "additional_properties": "",
                "class_id": "mo.MoRef",
                "moid": "5ddeb24d6972652d3100cb82",
                "object_type": "organization.Organization",
                "selector": ""
              }
            ],
            "profiles": [],
            "shared_scope": "",
            "tags": [
              {
                "additional_properties": "",
                "key": "location",
                "value": "Backup-DC"
              },
              {
                "additional_properties": "",
                "key": "orchestrator",
                "value": "terraform"
              }
            ],
            "user_search_precedence": "LDAPUserDb",
            "version_context": []
          },
          "sensitive_attributes": [],
          "private": "bnVsbA==",
          "dependencies": [
            "data.intersight_organization_organization.default"
          ]
        }
      ]
    },
    {
      "module": "module.intersight_policy_bundle",
      "mode": "managed",
      "type": "intersight_iam_ldap_provider",
      "name": "provider1",
      "provider": "provider[\"registry.terraform.io/ciscodevnet/intersight\"]",
      "instances": [
        {
          "schema_version": 0,
          "attributes": {
            "account_moid": "59af0e11f11aa10001678016",
            "additional_properties": "",
            "ancestors": [
              {
                "additional_properties": "",
                "class_id": "mo.MoRef",
                "moid": "6123cf406275722d3063d3ec",
                "object_type": "iam.LdapPolicy",
                "selector": ""
              }
            ],
            "class_id": "iam.LdapProvider",
            "create_time": "2021-08-23 16:39:30.136 +0000 UTC",
            "domain_group_moid": "5b25418c7a7662743465cf2d",
            "id": "6123cf426275722d3063d43f",
            "ldap_policy": [
              {
                "additional_properties": "",
                "class_id": "mo.MoRef",
                "moid": "6123cf406275722d3063d3ec",
                "object_type": "iam.LdapPolicy",
                "selector": ""
              }
            ],
            "mod_time": "2021-08-23 16:39:30.137 +0000 UTC",
            "moid": "6123cf426275722d3063d43f",
            "object_type": "iam.LdapProvider",
            "owners": [
              "59af0e11f11aa10001678016"
            ],
            "parent": [
              {
                "additional_properties": "",
                "class_id": "mo.MoRef",
                "moid": "6123cf406275722d3063d3ec",
                "object_type": "iam.LdapPolicy",
                "selector": ""
              }
            ],
            "permission_resources": [
              {
                "additional_properties": "",
                "class_id": "mo.MoRef",
                "moid": "5ddeb24d6972652d3100cb82",
                "object_type": "organization.Organization",
                "selector": ""
              }
            ],
            "port": 389,
            "server": "172.16.1.90",
            "shared_scope": "",
            "tags": [],
            "version_context": []
          },
          "sensitive_attributes": [],
          "private": "bnVsbA==",
          "dependencies": [
            "data.intersight_organization_organization.default",
            "module.intersight_policy_bundle.intersight_iam_ldap_policy.policy1"
          ]
        }
      ]
    },
    {
      "module": "module.intersight_policy_bundle",
      "mode": "managed",
      "type": "intersight_iam_ldap_provider",
      "name": "provider2",
      "provider": "provider[\"registry.terraform.io/ciscodevnet/intersight\"]",
      "instances": [
        {
          "schema_version": 0,
          "attributes": {
            "account_moid": "59af0e11f11aa10001678016",
            "additional_properties": "",
            "ancestors": [
              {
                "additional_properties": "",
                "class_id": "mo.MoRef",
                "moid": "6123cf406275722d3063d3ec",
                "object_type": "iam.LdapPolicy",
                "selector": ""
              }
            ],
            "class_id": "iam.LdapProvider",
            "create_time": "2021-08-23 16:39:30.217 +0000 UTC",
            "domain_group_moid": "5b25418c7a7662743465cf2d",
            "id": "6123cf426275722d3063d443",
            "ldap_policy": [
              {
                "additional_properties": "",
                "class_id": "mo.MoRef",
                "moid": "6123cf406275722d3063d3ec",
                "object_type": "iam.LdapPolicy",
                "selector": ""
              }
            ],
            "mod_time": "2021-08-23 16:39:30.217 +0000 UTC",
            "moid": "6123cf426275722d3063d443",
            "object_type": "iam.LdapProvider",
            "owners": [
              "59af0e11f11aa10001678016"
            ],
            "parent": [
              {
                "additional_properties": "",
                "class_id": "mo.MoRef",
                "moid": "6123cf406275722d3063d3ec",
                "object_type": "iam.LdapPolicy",
                "selector": ""
              }
            ],
            "permission_resources": [
              {
                "additional_properties": "",
                "class_id": "mo.MoRef",
                "moid": "5ddeb24d6972652d3100cb82",
                "object_type": "organization.Organization",
                "selector": ""
              }
            ],
            "port": 389,
            "server": "172.16.1.91",
            "shared_scope": "",
            "tags": [],
            "version_context": []
          },
          "sensitive_attributes": [],
          "private": "bnVsbA==",
          "dependencies": [
            "data.intersight_organization_organization.default",
            "module.intersight_policy_bundle.intersight_iam_ldap_policy.policy1"
          ]
        }
      ]
    },
    {
      "module": "module.intersight_policy_bundle",
      "mode": "managed",
      "type": "intersight_ipmioverlan_policy",
      "name": "ipmi2",
      "provider": "provider[\"registry.terraform.io/ciscodevnet/intersight\"]",
      "instances": [
        {
          "schema_version": 0,
          "attributes": {
            "account_moid": "59af0e11f11aa10001678016",
            "additional_properties": "{\"AccountMoid\":\"59af0e11f11aa10001678016\",\"Ancestors\":[],\"CreateTime\":\"2021-08-23T16:39:27.69Z\",\"DomainGroupMoid\":\"5b25418c7a7662743465cf2d\",\"ModTime\":\"2021-08-23T16:39:27.69Z\",\"Moid\":\"6123cf3f6275722d3063d3b0\",\"Owners\":[\"59af0e11f11aa10001678016\"],\"PermissionResources\":[{\"ClassId\":\"mo.MoRef\",\"Moid\":\"5ddeb24d6972652d3100cb82\",\"ObjectType\":\"organization.Organization\",\"link\":\"https://www.intersight.com/api/v1/organization/Organizations/5ddeb24d6972652d3100cb82\"}],\"SharedScope\":\"\",\"Tags\":[{\"Key\":\"location\",\"Value\":\"Backup-DC\"},{\"Key\":\"orchestrator\",\"Value\":\"terraform\"}]}",
            "ancestors": [],
            "class_id": "ipmioverlan.Policy",
            "create_time": "2021-08-23 16:39:27.69 +0000 UTC",
            "description": "Created by Terraform",
            "domain_group_moid": "5b25418c7a7662743465cf2d",
            "enabled": false,
            "encryption_key": null,
            "id": "6123cf3f6275722d3063d3b0",
            "is_encryption_key_set": false,
            "mod_time": "2021-08-23 16:39:27.69 +0000 UTC",
            "moid": "6123cf3f6275722d3063d3b0",
            "name": "pdc-ipmi-disabled",
            "object_type": "ipmioverlan.Policy",
            "organization": [
              {
                "additional_properties": "",
                "class_id": "mo.MoRef",
                "moid": "5ddeb24d6972652d3100cb82",
                "object_type": "organization.Organization",
                "selector": ""
              }
            ],
            "owners": [
              "59af0e11f11aa10001678016"
            ],
            "parent": [],
            "permission_resources": [
              {
                "additional_properties": "",
                "class_id": "mo.MoRef",
                "moid": "5ddeb24d6972652d3100cb82",
                "object_type": "organization.Organization",
                "selector": ""
              }
            ],
            "privilege": "admin",
            "profiles": [],
            "shared_scope": "",
            "tags": [
              {
                "additional_properties": "",
                "key": "location",
                "value": "Backup-DC"
              },
              {
                "additional_properties": "",
                "key": "orchestrator",
                "value": "terraform"
              }
            ],
            "version_context": []
          },
          "sensitive_attributes": [],
          "private": "bnVsbA==",
          "dependencies": [
            "data.intersight_organization_organization.default"
          ]
        }
      ]
    },
    {
      "module": "module.intersight_policy_bundle",
      "mode": "managed",
      "type": "intersight_kvm_policy",
      "name": "kvmpolicy1",
      "provider": "provider[\"registry.terraform.io/ciscodevnet/intersight\"]",
      "instances": [
        {
          "schema_version": 0,
          "attributes": {
            "account_moid": "59af0e11f11aa10001678016",
            "additional_properties": "{\"AccountMoid\":\"59af0e11f11aa10001678016\",\"Ancestors\":[],\"CreateTime\":\"2021-08-23T16:39:29.308Z\",\"DomainGroupMoid\":\"5b25418c7a7662743465cf2d\",\"ModTime\":\"2021-08-23T16:39:29.308Z\",\"Moid\":\"6123cf416275722d3063d41b\",\"Owners\":[\"59af0e11f11aa10001678016\"],\"PermissionResources\":[{\"ClassId\":\"mo.MoRef\",\"Moid\":\"5ddeb24d6972652d3100cb82\",\"ObjectType\":\"organization.Organization\",\"link\":\"https://www.intersight.com/api/v1/organization/Organizations/5ddeb24d6972652d3100cb82\"}],\"SharedScope\":\"\",\"Tags\":[{\"Key\":\"location\",\"Value\":\"Backup-DC\"},{\"Key\":\"orchestrator\",\"Value\":\"terraform\"}]}",
            "ancestors": [],
            "class_id": "kvm.Policy",
            "create_time": "2021-08-23 16:39:29.308 +0000 UTC",
            "description": "Created by Terraform",
            "domain_group_moid": "5b25418c7a7662743465cf2d",
            "enable_local_server_video": true,
            "enable_video_encryption": true,
            "enabled": true,
            "id": "6123cf416275722d3063d41b",
            "maximum_sessions": 4,
            "mod_time": "2021-08-23 16:39:29.308 +0000 UTC",
            "moid": "6123cf416275722d3063d41b",
            "name": "pdc-kvm-enabled",
            "object_type": "kvm.Policy",
            "organization": [
              {
                "additional_properties": "",
                "class_id": "mo.MoRef",
                "moid": "5ddeb24d6972652d3100cb82",
                "object_type": "organization.Organization",
                "selector": ""
              }
            ],
            "owners": [
              "59af0e11f11aa10001678016"
            ],
            "parent": [],
            "permission_resources": [
              {
                "additional_properties": "",
                "class_id": "mo.MoRef",
                "moid": "5ddeb24d6972652d3100cb82",
                "object_type": "organization.Organization",
                "selector": ""
              }
            ],
            "profiles": [],
            "remote_port": 2068,
            "shared_scope": "",
            "tags": [
              {
                "additional_properties": "",
                "key": "location",
                "value": "Backup-DC"
              },
              {
                "additional_properties": "",
                "key": "orchestrator",
                "value": "terraform"
              }
            ],
            "version_context": []
          },
          "sensitive_attributes": [],
          "private": "bnVsbA==",
          "dependencies": [
            "data.intersight_organization_organization.default"
          ]
        }
      ]
    },
    {
      "module": "module.intersight_policy_bundle",
      "mode": "managed",
      "type": "intersight_networkconfig_policy",
      "name": "connectivity1",
      "provider": "provider[\"registry.terraform.io/ciscodevnet/intersight\"]",
      "instances": [
        {
          "schema_version": 0,
          "attributes": {
            "account_moid": "59af0e11f11aa10001678016",
            "additional_properties": "{\"AccountMoid\":\"59af0e11f11aa10001678016\",\"Ancestors\":[],\"CreateTime\":\"2021-08-23T16:39:31.33Z\",\"DomainGroupMoid\":\"5b25418c7a7662743465cf2d\",\"ModTime\":\"2021-08-23T16:39:31.33Z\",\"Moid\":\"6123cf426275722d3063d45e\",\"Owners\":[\"59af0e11f11aa10001678016\"],\"PermissionResources\":[{\"ClassId\":\"mo.MoRef\",\"Moid\":\"5ddeb24d6972652d3100cb82\",\"ObjectType\":\"organization.Organization\",\"link\":\"https://www.intersight.com/api/v1/organization/Organizations/5ddeb24d6972652d3100cb82\"}],\"SharedScope\":\"\",\"Tags\":[{\"Key\":\"location\",\"Value\":\"Backup-DC\"},{\"Key\":\"orchestrator\",\"Value\":\"terraform\"}]}",
            "alternate_ipv4dns_server": "172.22.16.253",
            "alternate_ipv6dns_server": "::",
            "ancestors": [],
            "appliance_account": [],
            "class_id": "networkconfig.Policy",
            "create_time": "2021-08-23 16:39:31.33 +0000 UTC",
            "description": "Created by Terraform",
            "domain_group_moid": "5b25418c7a7662743465cf2d",
            "dynamic_dns_domain": "",
            "enable_dynamic_dns": false,
            "enable_ipv4dns_from_dhcp": false,
            "enable_ipv6": false,
            "enable_ipv6dns_from_dhcp": false,
            "id": "6123cf426275722d3063d45e",
            "mod_time": "2021-08-23 16:39:31.33 +0000 UTC",
            "moid": "6123cf426275722d3063d45e",
            "name": "pdc-dns",
            "object_type": "networkconfig.Policy",
            "organization": [
              {
                "additional_properties": "",
                "class_id": "mo.MoRef",
                "moid": "5ddeb24d6972652d3100cb82",
                "object_type": "organization.Organization",
                "selector": ""
              }
            ],
            "owners": [
              "59af0e11f11aa10001678016"
            ],
            "parent": [],
            "permission_resources": [
              {
                "additional_properties": "",
                "class_id": "mo.MoRef",
                "moid": "5ddeb24d6972652d3100cb82",
                "object_type": "organization.Organization",
                "selector": ""
              }
            ],
            "preferred_ipv4dns_server": "172.22.16.254",
            "preferred_ipv6dns_server": "::",
            "profiles": [
              {
                "additional_properties": "",
                "class_id": "mo.MoRef",
                "moid": "6123cf40656e6f2d30d82a01",
                "object_type": "fabric.SwitchProfile",
                "selector": ""
              },
              {
                "additional_properties": "",
                "class_id": "mo.MoRef",
                "moid": "6123cf41656e6f2d30d82a07",
                "object_type": "fabric.SwitchProfile",
                "selector": ""
              }
            ],
            "shared_scope": "",
            "tags": [
              {
                "additional_properties": "",
                "key": "location",
                "value": "Backup-DC"
              },
              {
                "additional_properties": "",
                "key": "orchestrator",
                "value": "terraform"
              }
            ],
            "version_context": []
          },
          "sensitive_attributes": [],
          "private": "bnVsbA==",
          "dependencies": [
            "data.intersight_organization_organization.default",
            "module.intersight_policy_bundle.intersight_fabric_switch_cluster_profile.fabric_switch_cluster_profile1",
            "module.intersight_policy_bundle.intersight_fabric_switch_profile.fabric_switch_profile_a",
            "module.intersight_policy_bundle.intersight_fabric_switch_profile.fabric_switch_profile_b"
          ]
        }
      ]
    },
    {
      "module": "module.intersight_policy_bundle",
      "mode": "managed",
      "type": "intersight_ntp_policy",
      "name": "ntp1",
      "provider": "provider[\"registry.terraform.io/ciscodevnet/intersight\"]",
      "instances": [
        {
          "schema_version": 0,
          "attributes": {
            "account_moid": "59af0e11f11aa10001678016",
            "additional_properties": "{\"AccountMoid\":\"59af0e11f11aa10001678016\",\"Ancestors\":[],\"AuthenticatedNtpServers\":[],\"CreateTime\":\"2021-08-23T16:39:31.866Z\",\"DomainGroupMoid\":\"5b25418c7a7662743465cf2d\",\"ModTime\":\"2021-08-23T16:39:31.867Z\",\"Moid\":\"6123cf436275722d3063d470\",\"Owners\":[\"59af0e11f11aa10001678016\"],\"PermissionResources\":[{\"ClassId\":\"mo.MoRef\",\"Moid\":\"5ddeb24d6972652d3100cb82\",\"ObjectType\":\"organization.Organization\",\"link\":\"https://www.intersight.com/api/v1/organization/Organizations/5ddeb24d6972652d3100cb82\"}],\"SharedScope\":\"\",\"Tags\":[{\"Key\":\"location\",\"Value\":\"Backup-DC\"},{\"Key\":\"orchestrator\",\"Value\":\"terraform\"}]}",
            "ancestors": [],
            "appliance_account": [],
            "class_id": "ntp.Policy",
            "create_time": "2021-08-23 16:39:31.866 +0000 UTC",
            "description": "Created by Terraform",
            "domain_group_moid": "5b25418c7a7662743465cf2d",
            "enabled": true,
            "id": "6123cf436275722d3063d470",
            "mod_time": "2021-08-23 16:39:31.867 +0000 UTC",
            "moid": "6123cf436275722d3063d470",
            "name": "pdc-ntp",
            "ntp_servers": [
              "ca.pool.ntp.org"
            ],
            "object_type": "ntp.Policy",
            "organization": [
              {
                "additional_properties": "",
                "class_id": "mo.MoRef",
                "moid": "5ddeb24d6972652d3100cb82",
                "object_type": "organization.Organization",
                "selector": ""
              }
            ],
            "owners": [
              "59af0e11f11aa10001678016"
            ],
            "parent": [],
            "permission_resources": [
              {
                "additional_properties": "",
                "class_id": "mo.MoRef",
                "moid": "5ddeb24d6972652d3100cb82",
                "object_type": "organization.Organization",
                "selector": ""
              }
            ],
            "profiles": [
              {
                "additional_properties": "",
                "class_id": "mo.MoRef",
                "moid": "6123cf40656e6f2d30d82a01",
                "object_type": "fabric.SwitchProfile",
                "selector": ""
              },
              {
                "additional_properties": "",
                "class_id": "mo.MoRef",
                "moid": "6123cf41656e6f2d30d82a07",
                "object_type": "fabric.SwitchProfile",
                "selector": ""
              }
            ],
            "shared_scope": "",
            "tags": [
              {
                "additional_properties": "",
                "key": "location",
                "value": "Backup-DC"
              },
              {
                "additional_properties": "",
                "key": "orchestrator",
                "value": "terraform"
              }
            ],
            "timezone": "America/Winnipeg",
            "version_context": []
          },
          "sensitive_attributes": [],
          "private": "bnVsbA==",
          "dependencies": [
            "data.intersight_organization_organization.default",
            "module.intersight_policy_bundle.intersight_fabric_switch_cluster_profile.fabric_switch_cluster_profile1",
            "module.intersight_policy_bundle.intersight_fabric_switch_profile.fabric_switch_profile_a",
            "module.intersight_policy_bundle.intersight_fabric_switch_profile.fabric_switch_profile_b"
          ]
        }
      ]
    },
    {
      "module": "module.intersight_policy_bundle",
      "mode": "managed",
      "type": "intersight_sdcard_policy",
      "name": "sdcard1",
      "provider": "provider[\"registry.terraform.io/ciscodevnet/intersight\"]",
      "instances": [
        {
          "schema_version": 0,
          "attributes": {
            "account_moid": "59af0e11f11aa10001678016",
            "additional_properties": "{\"AccountMoid\":\"59af0e11f11aa10001678016\",\"Ancestors\":[],\"CreateTime\":\"2021-08-23T16:39:28.557Z\",\"DomainGroupMoid\":\"5b25418c7a7662743465cf2d\",\"ModTime\":\"2021-08-23T16:39:28.558Z\",\"Moid\":\"6123cf40656f6e2d30202ae7\",\"Owners\":[\"59af0e11f11aa10001678016\"],\"PermissionResources\":[{\"ClassId\":\"mo.MoRef\",\"Moid\":\"5ddeb24d6972652d3100cb82\",\"ObjectType\":\"organization.Organization\",\"link\":\"https://www.intersight.com/api/v1/organization/Organizations/5ddeb24d6972652d3100cb82\"}],\"SharedScope\":\"\",\"Tags\":[{\"Key\":\"location\",\"Value\":\"Backup-DC\"},{\"Key\":\"orchestrator\",\"Value\":\"terraform\"}]}",
            "ancestors": [],
            "class_id": "sdcard.Policy",
            "create_time": "2021-08-23 16:39:28.557 +0000 UTC",
            "description": "Created by Terraform",
            "domain_group_moid": "5b25418c7a7662743465cf2d",
            "id": "6123cf40656f6e2d30202ae7",
            "mod_time": "2021-08-23 16:39:28.558 +0000 UTC",
            "moid": "6123cf40656f6e2d30202ae7",
            "name": "pdc-sdcard-os",
            "object_type": "sdcard.Policy",
            "organization": [
              {
                "additional_properties": "",
                "class_id": "mo.MoRef",
                "moid": "5ddeb24d6972652d3100cb82",
                "object_type": "organization.Organization",
                "selector": ""
              }
            ],
            "owners": [
              "59af0e11f11aa10001678016"
            ],
            "parent": [],
            "partitions": [
              {
                "additional_properties": "",
                "class_id": "sdcard.Partition",
                "object_type": "sdcard.Partition",
                "type": "OS",
                "virtual_drives": [
                  {
                    "additional_properties": "{\"Name\":\"Hypervisor\"}",
                    "class_id": "sdcard.OperatingSystem",
                    "enable": true,
                    "object_type": "sdcard.OperatingSystem"
                  }
                ]
              }
            ],
            "permission_resources": [
              {
                "additional_properties": "",
                "class_id": "mo.MoRef",
                "moid": "5ddeb24d6972652d3100cb82",
                "object_type": "organization.Organization",
                "selector": ""
              }
            ],
            "profiles": [],
            "shared_scope": "",
            "tags": [
              {
                "additional_properties": "",
                "key": "location",
                "value": "Backup-DC"
              },
              {
                "additional_properties": "",
                "key": "orchestrator",
                "value": "terraform"
              }
            ],
            "version_context": []
          },
          "sensitive_attributes": [],
          "private": "bnVsbA==",
          "dependencies": [
            "data.intersight_organization_organization.default"
          ]
        }
      ]
    },
    {
      "module": "module.intersight_policy_bundle",
      "mode": "managed",
      "type": "intersight_server_profile_template",
      "name": "template1",
      "provider": "provider[\"registry.terraform.io/ciscodevnet/intersight\"]",
      "instances": [
        {
          "schema_version": 0,
          "attributes": {
            "account_moid": "59af0e11f11aa10001678016",
            "action": "No-op",
            "additional_properties": "{\"AccountMoid\":\"59af0e11f11aa10001678016\",\"Action\":\"No-op\",\"Ancestors\":[],\"ConfigContext\":{\"ClassId\":\"policy.ConfigContext\",\"ConfigState\":\"\",\"ConfigType\":\"\",\"ControlAction\":\"ConfigChange\",\"ErrorState\":\"\",\"ObjectType\":\"policy.ConfigContext\",\"OperState\":\"\"},\"CreateTime\":\"2021-08-23T16:39:31.211Z\",\"Description\":\"Created by Terraform\",\"DomainGroupMoid\":\"5b25418c7a7662743465cf2d\",\"ModTime\":\"2021-08-23T16:39:32.034Z\",\"Moid\":\"6123cf4177696e2d30851bc4\",\"Name\":\"pdc-template\",\"Owners\":[\"59af0e11f11aa10001678016\"],\"PermissionResources\":[{\"ClassId\":\"mo.MoRef\",\"Moid\":\"5ddeb24d6972652d3100cb82\",\"ObjectType\":\"organization.Organization\",\"link\":\"https://www.intersight.com/api/v1/organization/Organizations/5ddeb24d6972652d3100cb82\"}],\"PolicyBucket\":[{\"ClassId\":\"mo.MoRef\",\"Moid\":\"6123cf406275722d3063d3fd\",\"ObjectType\":\"boot.PrecisionPolicy\",\"link\":\"https://www.intersight.com/api/v1/boot/PrecisionPolicies/6123cf406275722d3063d3fd\"},{\"ClassId\":\"mo.MoRef\",\"Moid\":\"6123cf3f6275722d3063d3b0\",\"ObjectType\":\"ipmioverlan.Policy\",\"link\":\"https://www.intersight.com/api/v1/ipmioverlan/Policies/6123cf3f6275722d3063d3b0\"},{\"ClassId\":\"mo.MoRef\",\"Moid\":\"6123cf416275722d3063d41b\",\"ObjectType\":\"kvm.Policy\",\"link\":\"https://www.intersight.com/api/v1/kvm/Policies/6123cf416275722d3063d41b\"},{\"ClassId\":\"mo.MoRef\",\"Moid\":\"6123cf406275722d3063d403\",\"ObjectType\":\"vmedia.Policy\",\"link\":\"https://www.intersight.com/api/v1/vmedia/Policies/6123cf406275722d3063d403\"},{\"ClassId\":\"mo.MoRef\",\"Moid\":\"6123cf3f6275722d3063d3cd\",\"ObjectType\":\"access.Policy\",\"link\":\"https://www.intersight.com/api/v1/access/Policies/6123cf3f6275722d3063d3cd\"},{\"ClassId\":\"mo.MoRef\",\"Moid\":\"6123cf3f6275722d3063d376\",\"ObjectType\":\"iam.EndPointUserPolicy\",\"link\":\"https://www.intersight.com/api/v1/iam/EndPointUserPolicies/6123cf3f6275722d3063d376\"},{\"ClassId\":\"mo.MoRef\",\"Moid\":\"6123cf416275722d3063d416\",\"ObjectType\":\"sol.Policy\",\"link\":\"https://www.intersight.com/api/v1/sol/Policies/6123cf416275722d3063d416\"},{\"ClassId\":\"mo.MoRef\",\"Moid\":\"6123cf3fb13bb5b542e7d8d8\",\"ObjectType\":\"vnic.LanConnectivityPolicy\",\"link\":\"https://www.intersight.com/api/v1/vnic/LanConnectivityPolicies/6123cf3fb13bb5b542e7d8d8\"}],\"SharedScope\":\"\",\"SrcTemplate\":null,\"Tags\":[{\"Key\":\"location\",\"Value\":\"Backup-DC\"},{\"Key\":\"orchestrator\",\"Value\":\"terraform\"}],\"Type\":\"instance\"}",
            "ancestors": [],
            "class_id": "server.ProfileTemplate",
            "config_context": [
              {
                "additional_properties": "{\"ConfigType\":\"\"}",
                "class_id": "policy.ConfigContext",
                "config_state": "",
                "control_action": "ConfigChange",
                "error_state": "",
                "object_type": "policy.ConfigContext",
                "oper_state": ""
              }
            ],
            "create_time": "2021-08-23 16:39:31.211 +0000 UTC",
            "description": "Created by Terraform",
            "domain_group_moid": "5b25418c7a7662743465cf2d",
            "id": "6123cf4177696e2d30851bc4",
            "mod_time": "2021-08-23 16:39:32.034 +0000 UTC",
            "moid": "6123cf4177696e2d30851bc4",
            "name": "pdc-template",
            "object_type": "server.ProfileTemplate",
            "organization": [
              {
                "additional_properties": "",
                "class_id": "mo.MoRef",
                "moid": "5ddeb24d6972652d3100cb82",
                "object_type": "organization.Organization",
                "selector": ""
              }
            ],
            "owners": [
              "59af0e11f11aa10001678016"
            ],
            "parent": [],
            "permission_resources": [
              {
                "additional_properties": "",
                "class_id": "mo.MoRef",
                "moid": "5ddeb24d6972652d3100cb82",
                "object_type": "organization.Organization",
                "selector": ""
              }
            ],
            "policy_bucket": [
              {
                "additional_properties": "",
                "class_id": "mo.MoRef",
                "moid": "6123cf406275722d3063d3fd",
                "object_type": "boot.PrecisionPolicy",
                "selector": ""
              },
              {
                "additional_properties": "",
                "class_id": "mo.MoRef",
                "moid": "6123cf3f6275722d3063d3b0",
                "object_type": "ipmioverlan.Policy",
                "selector": ""
              },
              {
                "additional_properties": "",
                "class_id": "mo.MoRef",
                "moid": "6123cf416275722d3063d41b",
                "object_type": "kvm.Policy",
                "selector": ""
              },
              {
                "additional_properties": "",
                "class_id": "mo.MoRef",
                "moid": "6123cf406275722d3063d403",
                "object_type": "vmedia.Policy",
                "selector": ""
              },
              {
                "additional_properties": "",
                "class_id": "mo.MoRef",
                "moid": "6123cf3f6275722d3063d3cd",
                "object_type": "access.Policy",
                "selector": ""
              },
              {
                "additional_properties": "",
                "class_id": "mo.MoRef",
                "moid": "6123cf3f6275722d3063d376",
                "object_type": "iam.EndPointUserPolicy",
                "selector": ""
              },
              {
                "additional_properties": "",
                "class_id": "mo.MoRef",
                "moid": "6123cf416275722d3063d416",
                "object_type": "sol.Policy",
                "selector": ""
              },
              {
                "additional_properties": "",
                "class_id": "mo.MoRef",
                "moid": "6123cf3fb13bb5b542e7d8d8",
                "object_type": "vnic.LanConnectivityPolicy",
                "selector": ""
              }
            ],
            "shared_scope": "",
            "src_template": [],
            "tags": [
              {
                "additional_properties": "",
                "key": "location",
                "value": "Backup-DC"
              },
              {
                "additional_properties": "",
                "key": "orchestrator",
                "value": "terraform"
              }
            ],
            "target_platform": "FIAttached",
            "type": "instance",
            "usage": 0,
            "version_context": []
          },
          "sensitive_attributes": [],
          "private": "bnVsbA==",
          "dependencies": [
            "data.intersight_organization_organization.default",
            "module.intersight_policy_bundle.intersight_access_policy.access1",
            "module.intersight_policy_bundle.intersight_boot_precision_policy.boot_precision1",
            "module.intersight_policy_bundle.intersight_iam_end_point_user_policy.user_policy1",
            "module.intersight_policy_bundle.intersight_ipmioverlan_policy.ipmi2",
            "module.intersight_policy_bundle.intersight_kvm_policy.kvmpolicy1",
            "module.intersight_policy_bundle.intersight_sol_policy.sol1",
            "module.intersight_policy_bundle.intersight_vmedia_policy.vmedia2",
            "module.intersight_policy_bundle.intersight_vnic_lan_connectivity_policy.vnic_lan1"
          ]
        }
      ]
    },
    {
      "module": "module.intersight_policy_bundle",
      "mode": "managed",
      "type": "intersight_sol_policy",
      "name": "sol1",
      "provider": "provider[\"registry.terraform.io/ciscodevnet/intersight\"]",
      "instances": [
        {
          "schema_version": 0,
          "attributes": {
            "account_moid": "59af0e11f11aa10001678016",
            "additional_properties": "{\"AccountMoid\":\"59af0e11f11aa10001678016\",\"Ancestors\":[],\"CreateTime\":\"2021-08-23T16:39:29.261Z\",\"DomainGroupMoid\":\"5b25418c7a7662743465cf2d\",\"ModTime\":\"2021-08-23T16:39:29.261Z\",\"Moid\":\"6123cf416275722d3063d416\",\"Owners\":[\"59af0e11f11aa10001678016\"],\"PermissionResources\":[{\"ClassId\":\"mo.MoRef\",\"Moid\":\"5ddeb24d6972652d3100cb82\",\"ObjectType\":\"organization.Organization\",\"link\":\"https://www.intersight.com/api/v1/organization/Organizations/5ddeb24d6972652d3100cb82\"}],\"SharedScope\":\"\",\"Tags\":[{\"Key\":\"location\",\"Value\":\"Backup-DC\"},{\"Key\":\"orchestrator\",\"Value\":\"terraform\"}]}",
            "ancestors": [],
            "baud_rate": 9600,
            "class_id": "sol.Policy",
            "com_port": "com1",
            "create_time": "2021-08-23 16:39:29.261 +0000 UTC",
            "description": "Created by Terraform",
            "domain_group_moid": "5b25418c7a7662743465cf2d",
            "enabled": false,
            "id": "6123cf416275722d3063d416",
            "mod_time": "2021-08-23 16:39:29.261 +0000 UTC",
            "moid": "6123cf416275722d3063d416",
            "name": "pdc-sol-off",
            "object_type": "sol.Policy",
            "organization": [
              {
                "additional_properties": "",
                "class_id": "mo.MoRef",
                "moid": "5ddeb24d6972652d3100cb82",
                "object_type": "organization.Organization",
                "selector": ""
              }
            ],
            "owners": [
              "59af0e11f11aa10001678016"
            ],
            "parent": [],
            "permission_resources": [
              {
                "additional_properties": "",
                "class_id": "mo.MoRef",
                "moid": "5ddeb24d6972652d3100cb82",
                "object_type": "organization.Organization",
                "selector": ""
              }
            ],
            "profiles": [],
            "shared_scope": "",
            "ssh_port": 1096,
            "tags": [
              {
                "additional_properties": "",
                "key": "location",
                "value": "Backup-DC"
              },
              {
                "additional_properties": "",
                "key": "orchestrator",
                "value": "terraform"
              }
            ],
            "version_context": []
          },
          "sensitive_attributes": [],
          "private": "bnVsbA==",
          "dependencies": [
            "data.intersight_organization_organization.default"
          ]
        }
      ]
    },
    {
      "module": "module.intersight_policy_bundle",
      "mode": "managed",
      "type": "intersight_storage_disk_group_policy",
      "name": "group1",
      "provider": "provider[\"registry.terraform.io/ciscodevnet/intersight\"]",
      "instances": [
        {
          "schema_version": 0,
          "attributes": {
            "account_moid": "59af0e11f11aa10001678016",
            "additional_properties": "{\"AccountMoid\":\"59af0e11f11aa10001678016\",\"Ancestors\":[],\"CreateTime\":\"2021-08-23T16:39:26.71Z\",\"DomainGroupMoid\":\"5b25418c7a7662743465cf2d\",\"ModTime\":\"2021-08-23T16:39:26.711Z\",\"Moid\":\"6123cf3e656f6e2d30202abe\",\"Owners\":[\"59af0e11f11aa10001678016\"],\"PermissionResources\":[{\"ClassId\":\"mo.MoRef\",\"Moid\":\"5ddeb24d6972652d3100cb82\",\"ObjectType\":\"organization.Organization\",\"link\":\"https://www.intersight.com/api/v1/organization/Organizations/5ddeb24d6972652d3100cb82\"}],\"SharedScope\":\"\",\"Tags\":[{\"Key\":\"location\",\"Value\":\"Backup-DC\"},{\"Key\":\"orchestrator\",\"Value\":\"terraform\"}]}",
            "ancestors": [],
            "class_id": "storage.DiskGroupPolicy",
            "create_time": "2021-08-23 16:39:26.71 +0000 UTC",
            "dedicated_hot_spares": [],
            "description": "Created by Terraform",
            "domain_group_moid": "5b25418c7a7662743465cf2d",
            "id": "6123cf3e656f6e2d30202abe",
            "mod_time": "2021-08-23 16:39:26.711 +0000 UTC",
            "moid": "6123cf3e656f6e2d30202abe",
            "name": "pdc-disk-group",
            "object_type": "storage.DiskGroupPolicy",
            "organization": [
              {
                "additional_properties": "",
                "class_id": "mo.MoRef",
                "moid": "5ddeb24d6972652d3100cb82",
                "object_type": "organization.Organization",
                "selector": ""
              }
            ],
            "owners": [
              "59af0e11f11aa10001678016"
            ],
            "parent": [],
            "permission_resources": [
              {
                "additional_properties": "",
                "class_id": "mo.MoRef",
                "moid": "5ddeb24d6972652d3100cb82",
                "object_type": "organization.Organization",
                "selector": ""
              }
            ],
            "raid_level": "Raid1",
            "shared_scope": "",
            "span_groups": [
              {
                "additional_properties": "",
                "class_id": "storage.SpanGroup",
                "disks": [
                  {
                    "additional_properties": "",
                    "class_id": "storage.LocalDisk",
                    "object_type": "storage.LocalDisk",
                    "slot_number": 1
                  },
                  {
                    "additional_properties": "",
                    "class_id": "storage.LocalDisk",
                    "object_type": "storage.LocalDisk",
                    "slot_number": 2
                  }
                ],
                "object_type": "storage.SpanGroup"
              }
            ],
            "storage_policies": [],
            "tags": [
              {
                "additional_properties": "",
                "key": "location",
                "value": "Backup-DC"
              },
              {
                "additional_properties": "",
                "key": "orchestrator",
                "value": "terraform"
              }
            ],
            "use_jbods": false,
            "version_context": []
          },
          "sensitive_attributes": [],
          "private": "bnVsbA==",
          "dependencies": [
            "data.intersight_organization_organization.default"
          ]
        }
      ]
    },
    {
      "module": "module.intersight_policy_bundle",
      "mode": "managed",
      "type": "intersight_storage_storage_policy",
      "name": "storage1",
      "provider": "provider[\"registry.terraform.io/ciscodevnet/intersight\"]",
      "instances": [
        {
          "schema_version": 0,
          "attributes": {
            "account_moid": "59af0e11f11aa10001678016",
            "additional_properties": "{\"AccountMoid\":\"59af0e11f11aa10001678016\",\"Ancestors\":[],\"CreateTime\":\"2021-08-23T16:39:28.724Z\",\"DomainGroupMoid\":\"5b25418c7a7662743465cf2d\",\"ModTime\":\"2021-08-23T16:39:28.725Z\",\"Moid\":\"6123cf40656f6e2d30202aed\",\"Owners\":[\"59af0e11f11aa10001678016\"],\"PermissionResources\":[{\"ClassId\":\"mo.MoRef\",\"Moid\":\"5ddeb24d6972652d3100cb82\",\"ObjectType\":\"organization.Organization\",\"link\":\"https://www.intersight.com/api/v1/organization/Organizations/5ddeb24d6972652d3100cb82\"}],\"SharedScope\":\"\",\"Tags\":[{\"Key\":\"location\",\"Value\":\"Backup-DC\"},{\"Key\":\"orchestrator\",\"Value\":\"terraform\"}]}",
            "ancestors": [],
            "class_id": "storage.StoragePolicy",
            "create_time": "2021-08-23 16:39:28.724 +0000 UTC",
            "description": "Created by Terraform",
            "disk_group_policies": [
              {
                "additional_properties": "",
                "class_id": "mo.MoRef",
                "moid": "6123cf3e656f6e2d30202abe",
                "object_type": "storage.DiskGroupPolicy",
                "selector": ""
              }
            ],
            "domain_group_moid": "5b25418c7a7662743465cf2d",
            "global_hot_spares": [],
            "id": "6123cf40656f6e2d30202aed",
            "mod_time": "2021-08-23 16:39:28.725 +0000 UTC",
            "moid": "6123cf40656f6e2d30202aed",
            "name": "pdc-storage",
            "object_type": "storage.StoragePolicy",
            "organization": [
              {
                "additional_properties": "",
                "class_id": "mo.MoRef",
                "moid": "5ddeb24d6972652d3100cb82",
                "object_type": "organization.Organization",
                "selector": ""
              }
            ],
            "owners": [
              "59af0e11f11aa10001678016"
            ],
            "parent": [],
            "permission_resources": [
              {
                "additional_properties": "",
                "class_id": "mo.MoRef",
                "moid": "5ddeb24d6972652d3100cb82",
                "object_type": "organization.Organization",
                "selector": ""
              }
            ],
            "profiles": [],
            "retain_policy_virtual_drives": false,
            "shared_scope": "",
            "tags": [
              {
                "additional_properties": "",
                "key": "location",
                "value": "Backup-DC"
              },
              {
                "additional_properties": "",
                "key": "orchestrator",
                "value": "terraform"
              }
            ],
            "unused_disks_state": "UnconfiguredGood",
            "version_context": [],
            "virtual_drives": [
              {
                "access_policy": "Default",
                "additional_properties": "",
                "boot_drive": false,
                "class_id": "storage.VirtualDriveConfig",
                "disk_group_name": "pdc-disk-group",
                "disk_group_policy": "6123cf3e656f6e2d30202abe",
                "drive_cache": "Default",
                "expand_to_available": true,
                "io_policy": "Default",
                "name": "vd0",
                "object_type": "storage.VirtualDriveConfig",
                "read_policy": "Default",
                "size": 0,
                "strip_size": "Default",
                "vdid": "value",
                "write_policy": "Default"
              }
            ]
          },
          "sensitive_attributes": [],
          "private": "bnVsbA==",
          "dependencies": [
            "data.intersight_organization_organization.default",
            "module.intersight_policy_bundle.intersight_storage_disk_group_policy.group1"
          ]
        }
      ]
    },
    {
      "module": "module.intersight_policy_bundle",
      "mode": "managed",
      "type": "intersight_vmedia_policy",
      "name": "vmedia1",
      "provider": "provider[\"registry.terraform.io/ciscodevnet/intersight\"]",
      "instances": [
        {
          "schema_version": 0,
          "attributes": {
            "account_moid": "59af0e11f11aa10001678016",
            "additional_properties": "{\"AccountMoid\":\"59af0e11f11aa10001678016\",\"Ancestors\":[],\"CreateTime\":\"2021-08-23T16:39:27.535Z\",\"DomainGroupMoid\":\"5b25418c7a7662743465cf2d\",\"ModTime\":\"2021-08-23T16:39:27.536Z\",\"Moid\":\"6123cf3f6275722d3063d393\",\"Owners\":[\"59af0e11f11aa10001678016\"],\"PermissionResources\":[{\"ClassId\":\"mo.MoRef\",\"Moid\":\"5ddeb24d6972652d3100cb82\",\"ObjectType\":\"organization.Organization\",\"link\":\"https://www.intersight.com/api/v1/organization/Organizations/5ddeb24d6972652d3100cb82\"}],\"SharedScope\":\"\",\"Tags\":[{\"Key\":\"location\",\"Value\":\"Backup-DC\"},{\"Key\":\"orchestrator\",\"Value\":\"terraform\"}]}",
            "ancestors": [],
            "class_id": "vmedia.Policy",
            "create_time": "2021-08-23 16:39:27.535 +0000 UTC",
            "description": "Created by Terraform",
            "domain_group_moid": "5b25418c7a7662743465cf2d",
            "enabled": true,
            "encryption": false,
            "id": "6123cf3f6275722d3063d393",
            "low_power_usb": true,
            "mappings": [
              {
                "additional_properties": "",
                "authentication_protocol": "none",
                "class_id": "vmedia.Mapping",
                "device_type": "cdd",
                "file_location": "infra-chx.auslab.cisco.com/software/linux/ubuntu-18.04.5-server-amd64.iso",
                "host_name": "infra-chx.auslab.cisco.com",
                "is_password_set": false,
                "mount_options": "RO",
                "mount_protocol": "nfs",
                "object_type": "vmedia.Mapping",
                "password": "",
                "remote_file": "ubuntu-18.04.5-server-amd64.iso",
                "remote_path": "/iso/software/linux",
                "sanitized_file_location": "infra-chx.auslab.cisco.com/software/linux/ubuntu-18.04.5-server-amd64.iso",
                "username": "",
                "volume_name": "IMC_DVD"
              }
            ],
            "mod_time": "2021-08-23 16:39:27.536 +0000 UTC",
            "moid": "6123cf3f6275722d3063d393",
            "name": "pdc-vmedia-ubuntu",
            "object_type": "vmedia.Policy",
            "organization": [
              {
                "additional_properties": "",
                "class_id": "mo.MoRef",
                "moid": "5ddeb24d6972652d3100cb82",
                "object_type": "organization.Organization",
                "selector": ""
              }
            ],
            "owners": [
              "59af0e11f11aa10001678016"
            ],
            "parent": [],
            "permission_resources": [
              {
                "additional_properties": "",
                "class_id": "mo.MoRef",
                "moid": "5ddeb24d6972652d3100cb82",
                "object_type": "organization.Organization",
                "selector": ""
              }
            ],
            "profiles": [],
            "shared_scope": "",
            "tags": [
              {
                "additional_properties": "",
                "key": "location",
                "value": "Backup-DC"
              },
              {
                "additional_properties": "",
                "key": "orchestrator",
                "value": "terraform"
              }
            ],
            "version_context": []
          },
          "sensitive_attributes": [],
          "private": "bnVsbA==",
          "dependencies": [
            "data.intersight_organization_organization.default"
          ]
        }
      ]
    },
    {
      "module": "module.intersight_policy_bundle",
      "mode": "managed",
      "type": "intersight_vmedia_policy",
      "name": "vmedia2",
      "provider": "provider[\"registry.terraform.io/ciscodevnet/intersight\"]",
      "instances": [
        {
          "schema_version": 0,
          "attributes": {
            "account_moid": "59af0e11f11aa10001678016",
            "additional_properties": "{\"AccountMoid\":\"59af0e11f11aa10001678016\",\"Ancestors\":[],\"CreateTime\":\"2021-08-23T16:39:28.995Z\",\"DomainGroupMoid\":\"5b25418c7a7662743465cf2d\",\"ModTime\":\"2021-08-23T16:39:28.995Z\",\"Moid\":\"6123cf406275722d3063d403\",\"Owners\":[\"59af0e11f11aa10001678016\"],\"PermissionResources\":[{\"ClassId\":\"mo.MoRef\",\"Moid\":\"5ddeb24d6972652d3100cb82\",\"ObjectType\":\"organization.Organization\",\"link\":\"https://www.intersight.com/api/v1/organization/Organizations/5ddeb24d6972652d3100cb82\"}],\"SharedScope\":\"\",\"Tags\":[{\"Key\":\"location\",\"Value\":\"Backup-DC\"},{\"Key\":\"orchestrator\",\"Value\":\"terraform\"}]}",
            "ancestors": [],
            "class_id": "vmedia.Policy",
            "create_time": "2021-08-23 16:39:28.995 +0000 UTC",
            "description": "Created by Terraform",
            "domain_group_moid": "5b25418c7a7662743465cf2d",
            "enabled": true,
            "encryption": false,
            "id": "6123cf406275722d3063d403",
            "low_power_usb": true,
            "mappings": [],
            "mod_time": "2021-08-23 16:39:28.995 +0000 UTC",
            "moid": "6123cf406275722d3063d403",
            "name": "pdc-vmedia-enabled",
            "object_type": "vmedia.Policy",
            "organization": [
              {
                "additional_properties": "",
                "class_id": "mo.MoRef",
                "moid": "5ddeb24d6972652d3100cb82",
                "object_type": "organization.Organization",
                "selector": ""
              }
            ],
            "owners": [
              "59af0e11f11aa10001678016"
            ],
            "parent": [],
            "permission_resources": [
              {
                "additional_properties": "",
                "class_id": "mo.MoRef",
                "moid": "5ddeb24d6972652d3100cb82",
                "object_type": "organization.Organization",
                "selector": ""
              }
            ],
            "profiles": [],
            "shared_scope": "",
            "tags": [
              {
                "additional_properties": "",
                "key": "location",
                "value": "Backup-DC"
              },
              {
                "additional_properties": "",
                "key": "orchestrator",
                "value": "terraform"
              }
            ],
            "version_context": []
          },
          "sensitive_attributes": [],
          "private": "bnVsbA==",
          "dependencies": [
            "data.intersight_organization_organization.default"
          ]
        }
      ]
    },
    {
      "module": "module.intersight_policy_bundle",
      "mode": "managed",
      "type": "intersight_vnic_eth_adapter_policy",
      "name": "v_eth_adapter1",
      "provider": "provider[\"registry.terraform.io/ciscodevnet/intersight\"]",
      "instances": [
        {
          "schema_version": 0,
          "attributes": {
            "account_moid": "59af0e11f11aa10001678016",
            "additional_properties": "{\"AccountMoid\":\"59af0e11f11aa10001678016\",\"Ancestors\":[],\"CreateTime\":\"2021-08-23T16:39:27.65Z\",\"DomainGroupMoid\":\"5b25418c7a7662743465cf2d\",\"GeneveEnabled\":false,\"ModTime\":\"2021-08-23T16:39:27.65Z\",\"Moid\":\"6123cf3fb13bb5b542e7d8b0\",\"Owners\":[\"59af0e11f11aa10001678016\"],\"PermissionResources\":[{\"ClassId\":\"mo.MoRef\",\"Moid\":\"5ddeb24d6972652d3100cb82\",\"ObjectType\":\"organization.Organization\",\"link\":\"https://www.intersight.com/api/v1/organization/Organizations/5ddeb24d6972652d3100cb82\"}],\"SharedScope\":\"\",\"Tags\":[{\"Key\":\"location\",\"Value\":\"Backup-DC\"},{\"Key\":\"orchestrator\",\"Value\":\"terraform\"}]}",
            "advanced_filter": false,
            "ancestors": [],
            "arfs_settings": [
              {
                "additional_properties": "",
                "class_id": "vnic.ArfsSettings",
                "enabled": false,
                "object_type": "vnic.ArfsSettings"
              }
            ],
            "class_id": "vnic.EthAdapterPolicy",
            "completion_queue_settings": [
              {
                "additional_properties": "",
                "class_id": "vnic.CompletionQueueSettings",
                "nr_count": 5,
                "object_type": "vnic.CompletionQueueSettings",
                "ring_size": 1
              }
            ],
            "create_time": "2021-08-23 16:39:27.65 +0000 UTC",
            "description": "Created by Terraform",
            "domain_group_moid": "5b25418c7a7662743465cf2d",
            "id": "6123cf3fb13bb5b542e7d8b0",
            "interrupt_scaling": false,
            "interrupt_settings": [
              {
                "additional_properties": "",
                "class_id": "vnic.EthInterruptSettings",
                "coalescing_time": 125,
                "coalescing_type": "MIN",
                "mode": "MSIx",
                "nr_count": 8,
                "object_type": "vnic.EthInterruptSettings"
              }
            ],
            "mod_time": "2021-08-23 16:39:27.65 +0000 UTC",
            "moid": "6123cf3fb13bb5b542e7d8b0",
            "name": "pdc-vnic-eth-adapter",
            "nvgre_settings": [
              {
                "additional_properties": "",
                "class_id": "vnic.NvgreSettings",
                "enabled": false,
                "object_type": "vnic.NvgreSettings"
              }
            ],
            "object_type": "vnic.EthAdapterPolicy",
            "organization": [
              {
                "additional_properties": "",
                "class_id": "mo.MoRef",
                "moid": "5ddeb24d6972652d3100cb82",
                "object_type": "organization.Organization",
                "selector": ""
              }
            ],
            "owners": [
              "59af0e11f11aa10001678016"
            ],
            "parent": [],
            "permission_resources": [
              {
                "additional_properties": "",
                "class_id": "mo.MoRef",
                "moid": "5ddeb24d6972652d3100cb82",
                "object_type": "organization.Organization",
                "selector": ""
              }
            ],
            "roce_settings": [
              {
                "additional_properties": "",
                "class_id": "vnic.RoceSettings",
                "class_of_service": 5,
                "enabled": false,
                "memory_regions": 0,
                "nr_version": 1,
                "object_type": "vnic.RoceSettings",
                "queue_pairs": 0,
                "resource_groups": 0
              }
            ],
            "rss_hash_settings": [
              {
                "additional_properties": "",
                "class_id": "vnic.RssHashSettings",
                "ipv4_hash": true,
                "ipv6_ext_hash": false,
                "ipv6_hash": true,
                "object_type": "vnic.RssHashSettings",
                "tcp_ipv4_hash": true,
                "tcp_ipv6_ext_hash": false,
                "tcp_ipv6_hash": true,
                "udp_ipv4_hash": false,
                "udp_ipv6_hash": false
              }
            ],
            "rss_settings": true,
            "rx_queue_settings": [
              {
                "additional_properties": "",
                "class_id": "vnic.EthRxQueueSettings",
                "nr_count": 4,
                "object_type": "vnic.EthRxQueueSettings",
                "ring_size": 512
              }
            ],
            "shared_scope": "",
            "tags": [
              {
                "additional_properties": "",
                "key": "location",
                "value": "Backup-DC"
              },
              {
                "additional_properties": "",
                "key": "orchestrator",
                "value": "terraform"
              }
            ],
            "tcp_offload_settings": [
              {
                "additional_properties": "",
                "class_id": "vnic.TcpOffloadSettings",
                "large_receive": true,
                "large_send": true,
                "object_type": "vnic.TcpOffloadSettings",
                "rx_checksum": true,
                "tx_checksum": true
              }
            ],
            "tx_queue_settings": [
              {
                "additional_properties": "",
                "class_id": "vnic.EthTxQueueSettings",
                "nr_count": 1,
                "object_type": "vnic.EthTxQueueSettings",
                "ring_size": 256
              }
            ],
            "uplink_failback_timeout": 5,
            "version_context": [],
            "vxlan_settings": [
              {
                "additional_properties": "",
                "class_id": "vnic.VxlanSettings",
                "enabled": false,
                "object_type": "vnic.VxlanSettings"
              }
            ]
          },
          "sensitive_attributes": [],
          "private": "bnVsbA==",
          "dependencies": [
            "data.intersight_organization_organization.default"
          ]
        }
      ]
    },
    {
      "module": "module.intersight_policy_bundle",
      "mode": "managed",
      "type": "intersight_vnic_eth_if",
      "name": "eth0",
      "provider": "provider[\"registry.terraform.io/ciscodevnet/intersight\"]",
      "instances": [
        {
          "schema_version": 0,
          "attributes": {
            "account_moid": "59af0e11f11aa10001678016",
            "additional_properties": "",
            "ancestors": [
              {
                "additional_properties": "",
                "class_id": "mo.MoRef",
                "moid": "6123cf3fb13bb5b542e7d8d8",
                "object_type": "vnic.LanConnectivityPolicy",
                "selector": ""
              }
            ],
            "cdn": [
              {
                "additional_properties": "",
                "class_id": "vnic.Cdn",
                "nr_source": "vnic",
                "object_type": "vnic.Cdn",
                "value": "eth0"
              }
            ],
            "class_id": "vnic.EthIf",
            "create_time": "2021-08-23 16:39:30.692 +0000 UTC",
            "domain_group_moid": "5b25418c7a7662743465cf2d",
            "eth_adapter_policy": [
              {
                "additional_properties": "",
                "class_id": "mo.MoRef",
                "moid": "6123cf3fb13bb5b542e7d8b0",
                "object_type": "vnic.EthAdapterPolicy",
                "selector": ""
              }
            ],
            "eth_network_policy": [],
            "eth_qos_policy": [
              {
                "additional_properties": "",
                "class_id": "mo.MoRef",
                "moid": "6123cf3eb13bb5b542e7d86a",
                "object_type": "vnic.EthQosPolicy",
                "selector": ""
              }
            ],
            "fabric_eth_network_control_policy": [
              {
                "additional_properties": "",
                "class_id": "mo.MoRef",
                "moid": "6123cf3f6f62692d326cfdc0",
                "object_type": "fabric.EthNetworkControlPolicy",
                "selector": ""
              }
            ],
            "fabric_eth_network_group_policy": [
              {
                "additional_properties": "",
                "class_id": "mo.MoRef",
                "moid": "6123cf3e6f62692d326cfd9e",
                "object_type": "fabric.EthNetworkGroupPolicy",
                "selector": ""
              }
            ],
            "failover_enabled": false,
            "id": "6123cf41b13bb5b542e7d8fc",
            "ip_lease": [],
            "iscsi_boot_policy": [],
            "iscsi_ip_v4_address_allocation_type": "None",
            "iscsi_ip_v4_config": [
              {
                "additional_properties": "",
                "class_id": "ippool.IpV4Config",
                "gateway": "",
                "netmask": "",
                "object_type": "ippool.IpV4Config",
                "primary_dns": "",
                "secondary_dns": ""
              }
            ],
            "iscsi_ipv4_address": "",
            "lan_connectivity_policy": [
              {
                "additional_properties": "",
                "class_id": "mo.MoRef",
                "moid": "6123cf3fb13bb5b542e7d8d8",
                "object_type": "vnic.LanConnectivityPolicy",
                "selector": ""
              }
            ],
            "lcp_vnic": [],
            "mac_address": "",
            "mac_address_type": "POOL",
            "mac_lease": [],
            "mac_pool": [
              {
                "additional_properties": "",
                "class_id": "mo.MoRef",
                "moid": "609edfa36962752d30ce1434",
                "object_type": "macpool.Pool",
                "selector": ""
              }
            ],
            "mod_time": "2021-08-23 16:39:30.694 +0000 UTC",
            "moid": "6123cf41b13bb5b542e7d8fc",
            "name": "eth0",
            "object_type": "vnic.EthIf",
            "order": 0,
            "owners": [
              "59af0e11f11aa10001678016"
            ],
            "parent": [
              {
                "additional_properties": "",
                "class_id": "mo.MoRef",
                "moid": "6123cf3fb13bb5b542e7d8d8",
                "object_type": "vnic.LanConnectivityPolicy",
                "selector": ""
              }
            ],
            "permission_resources": [
              {
                "additional_properties": "",
                "class_id": "mo.MoRef",
                "moid": "5ddeb24d6972652d3100cb82",
                "object_type": "organization.Organization",
                "selector": ""
              }
            ],
            "placement": [
              {
                "additional_properties": "",
                "class_id": "vnic.PlacementSettings",
                "id": "",
                "object_type": "vnic.PlacementSettings",
                "pci_link": 0,
                "switch_id": "A",
                "uplink": 0
              }
            ],
            "profile": [],
            "shared_scope": "",
            "sp_vnics": [],
            "standby_vif_id": 0,
            "static_mac_address": "",
            "tags": [
              {
                "additional_properties": "",
                "key": "location",
                "value": "Backup-DC"
              },
              {
                "additional_properties": "",
                "key": "orchestrator",
                "value": "terraform"
              }
            ],
            "usnic_settings": [
              {
                "additional_properties": "",
                "class_id": "vnic.UsnicSettings",
                "cos": 5,
                "nr_count": 0,
                "object_type": "vnic.UsnicSettings",
                "usnic_adapter_policy": ""
              }
            ],
            "version_context": [],
            "vif_id": 0,
            "vmq_settings": [
              {
                "additional_properties": "",
                "class_id": "vnic.VmqSettings",
                "enabled": false,
                "multi_queue_support": false,
                "num_interrupts": 16,
                "num_sub_vnics": 64,
                "num_vmqs": 4,
                "object_type": "vnic.VmqSettings",
                "vmmq_adapter_policy": ""
              }
            ]
          },
          "sensitive_attributes": [],
          "private": "bnVsbA==",
          "dependencies": [
            "data.intersight_organization_organization.default",
            "module.intersight_policy_bundle.intersight_fabric_eth_network_control_policy.fabric_eth_network_control_policy1",
            "module.intersight_policy_bundle.intersight_fabric_eth_network_group_policy.fabric_eth_network_group_policy1",
            "module.intersight_policy_bundle.intersight_vnic_eth_adapter_policy.v_eth_adapter1",
            "module.intersight_policy_bundle.intersight_vnic_eth_qos_policy.v_eth_qos1",
            "module.intersight_policy_bundle.intersight_vnic_lan_connectivity_policy.vnic_lan1"
          ]
        }
      ]
    },
    {
      "module": "module.intersight_policy_bundle",
      "mode": "managed",
      "type": "intersight_vnic_eth_if",
      "name": "eth1",
      "provider": "provider[\"registry.terraform.io/ciscodevnet/intersight\"]",
      "instances": [
        {
          "schema_version": 0,
          "attributes": {
            "account_moid": "59af0e11f11aa10001678016",
            "additional_properties": "",
            "ancestors": [
              {
                "additional_properties": "",
                "class_id": "mo.MoRef",
                "moid": "6123cf3fb13bb5b542e7d8d8",
                "object_type": "vnic.LanConnectivityPolicy",
                "selector": ""
              }
            ],
            "cdn": [
              {
                "additional_properties": "",
                "class_id": "vnic.Cdn",
                "nr_source": "vnic",
                "object_type": "vnic.Cdn",
                "value": "eth1"
              }
            ],
            "class_id": "vnic.EthIf",
            "create_time": "2021-08-23 16:39:37.275 +0000 UTC",
            "domain_group_moid": "5b25418c7a7662743465cf2d",
            "eth_adapter_policy": [
              {
                "additional_properties": "",
                "class_id": "mo.MoRef",
                "moid": "6123cf3fb13bb5b542e7d8b0",
                "object_type": "vnic.EthAdapterPolicy",
                "selector": ""
              }
            ],
            "eth_network_policy": [],
            "eth_qos_policy": [
              {
                "additional_properties": "",
                "class_id": "mo.MoRef",
                "moid": "6123cf3eb13bb5b542e7d86a",
                "object_type": "vnic.EthQosPolicy",
                "selector": ""
              }
            ],
            "fabric_eth_network_control_policy": [
              {
                "additional_properties": "",
                "class_id": "mo.MoRef",
                "moid": "6123cf3f6f62692d326cfdc0",
                "object_type": "fabric.EthNetworkControlPolicy",
                "selector": ""
              }
            ],
            "fabric_eth_network_group_policy": [
              {
                "additional_properties": "",
                "class_id": "mo.MoRef",
                "moid": "6123cf3e6f62692d326cfd9e",
                "object_type": "fabric.EthNetworkGroupPolicy",
                "selector": ""
              }
            ],
            "failover_enabled": false,
            "id": "6123cf48b13bb5b542e7d96b",
            "ip_lease": [],
            "iscsi_boot_policy": [],
            "iscsi_ip_v4_address_allocation_type": "None",
            "iscsi_ip_v4_config": [
              {
                "additional_properties": "",
                "class_id": "ippool.IpV4Config",
                "gateway": "",
                "netmask": "",
                "object_type": "ippool.IpV4Config",
                "primary_dns": "",
                "secondary_dns": ""
              }
            ],
            "iscsi_ipv4_address": "",
            "lan_connectivity_policy": [
              {
                "additional_properties": "",
                "class_id": "mo.MoRef",
                "moid": "6123cf3fb13bb5b542e7d8d8",
                "object_type": "vnic.LanConnectivityPolicy",
                "selector": ""
              }
            ],
            "lcp_vnic": [],
            "mac_address": "",
            "mac_address_type": "POOL",
            "mac_lease": [],
            "mac_pool": [
              {
                "additional_properties": "",
                "class_id": "mo.MoRef",
                "moid": "609edfa36962752d30ce1434",
                "object_type": "macpool.Pool",
                "selector": ""
              }
            ],
            "mod_time": "2021-08-23 16:39:37.276 +0000 UTC",
            "moid": "6123cf48b13bb5b542e7d96b",
            "name": "eth1",
            "object_type": "vnic.EthIf",
            "order": 0,
            "owners": [
              "59af0e11f11aa10001678016"
            ],
            "parent": [
              {
                "additional_properties": "",
                "class_id": "mo.MoRef",
                "moid": "6123cf3fb13bb5b542e7d8d8",
                "object_type": "vnic.LanConnectivityPolicy",
                "selector": ""
              }
            ],
            "permission_resources": [
              {
                "additional_properties": "",
                "class_id": "mo.MoRef",
                "moid": "5ddeb24d6972652d3100cb82",
                "object_type": "organization.Organization",
                "selector": ""
              }
            ],
            "placement": [
              {
                "additional_properties": "",
                "class_id": "vnic.PlacementSettings",
                "id": "",
                "object_type": "vnic.PlacementSettings",
                "pci_link": 0,
                "switch_id": "B",
                "uplink": 0
              }
            ],
            "profile": [],
            "shared_scope": "",
            "sp_vnics": [],
            "standby_vif_id": 0,
            "static_mac_address": "",
            "tags": [
              {
                "additional_properties": "",
                "key": "location",
                "value": "Backup-DC"
              },
              {
                "additional_properties": "",
                "key": "orchestrator",
                "value": "terraform"
              }
            ],
            "usnic_settings": [
              {
                "additional_properties": "",
                "class_id": "vnic.UsnicSettings",
                "cos": 5,
                "nr_count": 0,
                "object_type": "vnic.UsnicSettings",
                "usnic_adapter_policy": ""
              }
            ],
            "version_context": [],
            "vif_id": 0,
            "vmq_settings": [
              {
                "additional_properties": "",
                "class_id": "vnic.VmqSettings",
                "enabled": false,
                "multi_queue_support": false,
                "num_interrupts": 16,
                "num_sub_vnics": 64,
                "num_vmqs": 4,
                "object_type": "vnic.VmqSettings",
                "vmmq_adapter_policy": ""
              }
            ]
          },
          "sensitive_attributes": [],
          "private": "bnVsbA==",
          "dependencies": [
            "data.intersight_organization_organization.default",
            "module.intersight_policy_bundle.intersight_fabric_eth_network_control_policy.fabric_eth_network_control_policy1",
            "module.intersight_policy_bundle.intersight_fabric_eth_network_group_policy.fabric_eth_network_group_policy1",
            "module.intersight_policy_bundle.intersight_vnic_eth_adapter_policy.v_eth_adapter1",
            "module.intersight_policy_bundle.intersight_vnic_eth_qos_policy.v_eth_qos1",
            "module.intersight_policy_bundle.intersight_vnic_lan_connectivity_policy.vnic_lan1"
          ]
        }
      ]
    },
    {
      "module": "module.intersight_policy_bundle",
      "mode": "managed",
      "type": "intersight_vnic_eth_qos_policy",
      "name": "v_eth_qos1",
      "provider": "provider[\"registry.terraform.io/ciscodevnet/intersight\"]",
      "instances": [
        {
          "schema_version": 0,
          "attributes": {
            "account_moid": "59af0e11f11aa10001678016",
            "additional_properties": "{\"AccountMoid\":\"59af0e11f11aa10001678016\",\"Ancestors\":[],\"CreateTime\":\"2021-08-23T16:39:26.961Z\",\"DomainGroupMoid\":\"5b25418c7a7662743465cf2d\",\"ModTime\":\"2021-08-23T16:39:26.961Z\",\"Moid\":\"6123cf3eb13bb5b542e7d86a\",\"Owners\":[\"59af0e11f11aa10001678016\"],\"PermissionResources\":[{\"ClassId\":\"mo.MoRef\",\"Moid\":\"5ddeb24d6972652d3100cb82\",\"ObjectType\":\"organization.Organization\",\"link\":\"https://www.intersight.com/api/v1/organization/Organizations/5ddeb24d6972652d3100cb82\"}],\"SharedScope\":\"\",\"Tags\":[{\"Key\":\"location\",\"Value\":\"Backup-DC\"},{\"Key\":\"orchestrator\",\"Value\":\"terraform\"}]}",
            "ancestors": [],
            "burst": 1024,
            "class_id": "vnic.EthQosPolicy",
            "cos": 0,
            "create_time": "2021-08-23 16:39:26.961 +0000 UTC",
            "description": "Created by Terraform",
            "domain_group_moid": "5b25418c7a7662743465cf2d",
            "id": "6123cf3eb13bb5b542e7d86a",
            "mod_time": "2021-08-23 16:39:26.961 +0000 UTC",
            "moid": "6123cf3eb13bb5b542e7d86a",
            "mtu": 1500,
            "name": "pdc-vnic-eth-qos",
            "object_type": "vnic.EthQosPolicy",
            "organization": [
              {
                "additional_properties": "",
                "class_id": "mo.MoRef",
                "moid": "5ddeb24d6972652d3100cb82",
                "object_type": "organization.Organization",
                "selector": ""
              }
            ],
            "owners": [
              "59af0e11f11aa10001678016"
            ],
            "parent": [],
            "permission_resources": [
              {
                "additional_properties": "",
                "class_id": "mo.MoRef",
                "moid": "5ddeb24d6972652d3100cb82",
                "object_type": "organization.Organization",
                "selector": ""
              }
            ],
            "priority": "Best Effort",
            "rate_limit": 0,
            "shared_scope": "",
            "tags": [
              {
                "additional_properties": "",
                "key": "location",
                "value": "Backup-DC"
              },
              {
                "additional_properties": "",
                "key": "orchestrator",
                "value": "terraform"
              }
            ],
            "trust_host_cos": false,
            "version_context": []
          },
          "sensitive_attributes": [],
          "private": "bnVsbA==",
          "dependencies": [
            "data.intersight_organization_organization.default"
          ]
        }
      ]
    },
    {
      "module": "module.intersight_policy_bundle",
      "mode": "managed",
      "type": "intersight_vnic_lan_connectivity_policy",
      "name": "vnic_lan1",
      "provider": "provider[\"registry.terraform.io/ciscodevnet/intersight\"]",
      "instances": [
        {
          "schema_version": 0,
          "attributes": {
            "account_moid": "59af0e11f11aa10001678016",
            "additional_properties": "{\"AccountMoid\":\"59af0e11f11aa10001678016\",\"Ancestors\":[],\"AzureQosEnabled\":false,\"CreateTime\":\"2021-08-23T16:39:27.946Z\",\"DomainGroupMoid\":\"5b25418c7a7662743465cf2d\",\"ModTime\":\"2021-08-23T16:39:27.946Z\",\"Moid\":\"6123cf3fb13bb5b542e7d8d8\",\"Owners\":[\"59af0e11f11aa10001678016\"],\"PermissionResources\":[{\"ClassId\":\"mo.MoRef\",\"Moid\":\"5ddeb24d6972652d3100cb82\",\"ObjectType\":\"organization.Organization\",\"link\":\"https://www.intersight.com/api/v1/organization/Organizations/5ddeb24d6972652d3100cb82\"}],\"SharedScope\":\"\",\"Tags\":[{\"Key\":\"location\",\"Value\":\"Backup-DC\"},{\"Key\":\"orchestrator\",\"Value\":\"terraform\"}]}",
            "ancestors": [],
            "class_id": "vnic.LanConnectivityPolicy",
            "create_time": "2021-08-23 16:39:27.946 +0000 UTC",
            "description": "Created by Terraform",
            "domain_group_moid": "5b25418c7a7662743465cf2d",
            "eth_ifs": [],
            "id": "6123cf3fb13bb5b542e7d8d8",
            "iqn_allocation_type": "None",
            "iqn_pool": [],
            "mod_time": "2021-08-23 16:39:27.946 +0000 UTC",
            "moid": "6123cf3fb13bb5b542e7d8d8",
            "name": "pdc-lan-connectivity",
            "object_type": "vnic.LanConnectivityPolicy",
            "organization": [
              {
                "additional_properties": "",
                "class_id": "mo.MoRef",
                "moid": "5ddeb24d6972652d3100cb82",
                "object_type": "organization.Organization",
                "selector": ""
              }
            ],
            "owners": [
              "59af0e11f11aa10001678016"
            ],
            "parent": [],
            "permission_resources": [
              {
                "additional_properties": "",
                "class_id": "mo.MoRef",
                "moid": "5ddeb24d6972652d3100cb82",
                "object_type": "organization.Organization",
                "selector": ""
              }
            ],
            "placement_mode": "auto",
            "profiles": [],
            "shared_scope": "",
            "static_iqn_name": "",
            "tags": [
              {
                "additional_properties": "",
                "key": "location",
                "value": "Backup-DC"
              },
              {
                "additional_properties": "",
                "key": "orchestrator",
                "value": "terraform"
              }
            ],
            "target_platform": "FIAttached",
            "version_context": []
          },
          "sensitive_attributes": [],
          "private": "bnVsbA==",
          "dependencies": [
            "data.intersight_organization_organization.default"
          ]
        }
      ]
    }
  ]
}
